// !$*UTF8*$!
{
	archiveVersion = 1;
	classes = {
	};
	objectVersion = 50;
	objects = {

/* Begin PBXBuildFile section */
		47185049050EA41E7C5A3783 /* Pods_mvvm_cTests.framework in Frameworks */ = {isa = PBXBuildFile; fileRef = 2A8B520DFF585A9290817C37 /* Pods_mvvm_cTests.framework */; };
		780DC834240F39640035F028 /* Coordinator.swift in Sources */ = {isa = PBXBuildFile; fileRef = 780DC833240F39640035F028 /* Coordinator.swift */; };
		780DC836240F39770035F028 /* ViewModel.swift in Sources */ = {isa = PBXBuildFile; fileRef = 780DC835240F39770035F028 /* ViewModel.swift */; };
		780DC838240F398D0035F028 /* Service.swift in Sources */ = {isa = PBXBuildFile; fileRef = 780DC837240F398D0035F028 /* Service.swift */; };
		780DC83A240F39D30035F028 /* ViewController.swift in Sources */ = {isa = PBXBuildFile; fileRef = 780DC839240F39D30035F028 /* ViewController.swift */; };
		780DC83C240F3A8E0035F028 /* Result.swift in Sources */ = {isa = PBXBuildFile; fileRef = 780DC83B240F3A8E0035F028 /* Result.swift */; };
		780DC83E240F3B400035F028 /* Endpoints.swift in Sources */ = {isa = PBXBuildFile; fileRef = 780DC83D240F3B400035F028 /* Endpoints.swift */; };
		780DC840240F3D240035F028 /* Keys.swift in Sources */ = {isa = PBXBuildFile; fileRef = 780DC83F240F3D240035F028 /* Keys.swift */; };
		780DC844240F41B70035F028 /* AppCoordinator.swift in Sources */ = {isa = PBXBuildFile; fileRef = 780DC843240F41B70035F028 /* AppCoordinator.swift */; };
		780DC846240F444C0035F028 /* CharactersViewController.swift in Sources */ = {isa = PBXBuildFile; fileRef = 780DC845240F444C0035F028 /* CharactersViewController.swift */; };
		780DC849240F45520035F028 /* R.generated.swift in Sources */ = {isa = PBXBuildFile; fileRef = 780DC848240F45520035F028 /* R.generated.swift */; };
		780DC84B240F45D10035F028 /* CharactersViewModel.swift in Sources */ = {isa = PBXBuildFile; fileRef = 780DC84A240F45D10035F028 /* CharactersViewModel.swift */; };
		780DC84D240F46250035F028 /* CharactersCoordinator.swift in Sources */ = {isa = PBXBuildFile; fileRef = 780DC84C240F46250035F028 /* CharactersCoordinator.swift */; };
		780DC84F240F48AE0035F028 /* NavigationController.swift in Sources */ = {isa = PBXBuildFile; fileRef = 780DC84E240F48AE0035F028 /* NavigationController.swift */; };
		780DC851240F49EC0035F028 /* UINavigationBar.swift in Sources */ = {isa = PBXBuildFile; fileRef = 780DC850240F49EC0035F028 /* UINavigationBar.swift */; };
		78160B16240F35FC000537A7 /* AppDelegate.swift in Sources */ = {isa = PBXBuildFile; fileRef = 78160B15240F35FC000537A7 /* AppDelegate.swift */; };
		78160B18240F35FC000537A7 /* SceneDelegate.swift in Sources */ = {isa = PBXBuildFile; fileRef = 78160B17240F35FC000537A7 /* SceneDelegate.swift */; };
		78160B20240F35FC000537A7 /* mvvm_c.xcdatamodeld in Sources */ = {isa = PBXBuildFile; fileRef = 78160B1E240F35FC000537A7 /* mvvm_c.xcdatamodeld */; };
		78160B22240F35FF000537A7 /* Assets.xcassets in Resources */ = {isa = PBXBuildFile; fileRef = 78160B21240F35FF000537A7 /* Assets.xcassets */; };
		78160B25240F35FF000537A7 /* LaunchScreen.storyboard in Resources */ = {isa = PBXBuildFile; fileRef = 78160B23240F35FF000537A7 /* LaunchScreen.storyboard */; };
		78160B3B240F35FF000537A7 /* mvvm_cUITests.swift in Sources */ = {isa = PBXBuildFile; fileRef = 78160B3A240F35FF000537A7 /* mvvm_cUITests.swift */; };
		7888EC092413F21E00A7DBE0 /* LoadingStateView.swift in Sources */ = {isa = PBXBuildFile; fileRef = 7888EC082413F21E00A7DBE0 /* LoadingStateView.swift */; };
		7888EC0B24141BF300A7DBE0 /* CharactersViewModelSpec.swift in Sources */ = {isa = PBXBuildFile; fileRef = 7888EC0A24141BF300A7DBE0 /* CharactersViewModelSpec.swift */; };
		7888EC0D24141F3800A7DBE0 /* CharactersCoordinatorSpy.swift in Sources */ = {isa = PBXBuildFile; fileRef = 7888EC0C24141F3800A7DBE0 /* CharactersCoordinatorSpy.swift */; };
		7888EC0F241421AF00A7DBE0 /* CharactersMock.swift in Sources */ = {isa = PBXBuildFile; fileRef = 7888EC0E241421AF00A7DBE0 /* CharactersMock.swift */; };
		7888EC1124156AC600A7DBE0 /* CharactersServiceMock.swift in Sources */ = {isa = PBXBuildFile; fileRef = 7888EC1024156AC600A7DBE0 /* CharactersServiceMock.swift */; };
		7888EC1324156B8000A7DBE0 /* ResultType.swift in Sources */ = {isa = PBXBuildFile; fileRef = 7888EC1224156B8000A7DBE0 /* ResultType.swift */; };
		78DF09552411C19F00F1A323 /* CharactersView.swift in Sources */ = {isa = PBXBuildFile; fileRef = 78DF09542411C19F00F1A323 /* CharactersView.swift */; };
		78DF09572411C90100F1A323 /* CharactersService.swift in Sources */ = {isa = PBXBuildFile; fileRef = 78DF09562411C90100F1A323 /* CharactersService.swift */; };
		78DF095A2411C9D100F1A323 /* CharactersResponse.swift in Sources */ = {isa = PBXBuildFile; fileRef = 78DF09592411C9D100F1A323 /* CharactersResponse.swift */; };
		78DF095C2411CD1100F1A323 /* SectionViewModel.swift in Sources */ = {isa = PBXBuildFile; fileRef = 78DF095B2411CD1100F1A323 /* SectionViewModel.swift */; };
		78DF095E2411CEB700F1A323 /* CharacterCell.swift in Sources */ = {isa = PBXBuildFile; fileRef = 78DF095D2411CEB700F1A323 /* CharacterCell.swift */; };
		78DF09602411CF5B00F1A323 /* CharacterItemViewModel.swift in Sources */ = {isa = PBXBuildFile; fileRef = 78DF095F2411CF5B00F1A323 /* CharacterItemViewModel.swift */; };
		78DF09622411DB5F00F1A323 /* DataResponse.swift in Sources */ = {isa = PBXBuildFile; fileRef = 78DF09612411DB5F00F1A323 /* DataResponse.swift */; };
		78DF09662411DC1400F1A323 /* Character.swift in Sources */ = {isa = PBXBuildFile; fileRef = 78DF09652411DC1400F1A323 /* Character.swift */; };
		78F50B5224184EB700BB1066 /* CharacterDetailsViewController.swift in Sources */ = {isa = PBXBuildFile; fileRef = 78F50B5124184EB700BB1066 /* CharacterDetailsViewController.swift */; };
		78F50B5424184EF300BB1066 /* CharacterDetailsViewModel.swift in Sources */ = {isa = PBXBuildFile; fileRef = 78F50B5324184EF300BB1066 /* CharacterDetailsViewModel.swift */; };
		78F50B5624184F1300BB1066 /* CharacterDetailsView.swift in Sources */ = {isa = PBXBuildFile; fileRef = 78F50B5524184F1300BB1066 /* CharacterDetailsView.swift */; };
		78F50B582418731100BB1066 /* EmptyStateView.swift in Sources */ = {isa = PBXBuildFile; fileRef = 78F50B572418731100BB1066 /* EmptyStateView.swift */; };
		8AF725F7AC3F73E1640774D2 /* Pods_mvvm_c_mvvm_cUITests.framework in Frameworks */ = {isa = PBXBuildFile; fileRef = B62B1092B22C0EA8252FEE83 /* Pods_mvvm_c_mvvm_cUITests.framework */; };
		AEAA64D189EFCC1607A85D8A /* Pods_mvvm_c.framework in Frameworks */ = {isa = PBXBuildFile; fileRef = CFE1B0F5F461654F5192B155 /* Pods_mvvm_c.framework */; };
/* End PBXBuildFile section */

/* Begin PBXContainerItemProxy section */
		78160B2C240F35FF000537A7 /* PBXContainerItemProxy */ = {
			isa = PBXContainerItemProxy;
			containerPortal = 78160B0A240F35FC000537A7 /* Project object */;
			proxyType = 1;
			remoteGlobalIDString = 78160B11240F35FC000537A7;
			remoteInfo = "mvvm-c";
		};
		78160B37240F35FF000537A7 /* PBXContainerItemProxy */ = {
			isa = PBXContainerItemProxy;
			containerPortal = 78160B0A240F35FC000537A7 /* Project object */;
			proxyType = 1;
			remoteGlobalIDString = 78160B11240F35FC000537A7;
			remoteInfo = "mvvm-c";
		};
/* End PBXContainerItemProxy section */

/* Begin PBXFileReference section */
		2A8B520DFF585A9290817C37 /* Pods_mvvm_cTests.framework */ = {isa = PBXFileReference; explicitFileType = wrapper.framework; includeInIndex = 0; path = Pods_mvvm_cTests.framework; sourceTree = BUILT_PRODUCTS_DIR; };
		3F5E9520AF36E18E705FE9AA /* Pods-mvvm-c.release.xcconfig */ = {isa = PBXFileReference; includeInIndex = 1; lastKnownFileType = text.xcconfig; name = "Pods-mvvm-c.release.xcconfig"; path = "Pods/Target Support Files/Pods-mvvm-c/Pods-mvvm-c.release.xcconfig"; sourceTree = "<group>"; };
		780DC833240F39640035F028 /* Coordinator.swift */ = {isa = PBXFileReference; lastKnownFileType = sourcecode.swift; path = Coordinator.swift; sourceTree = "<group>"; };
		780DC835240F39770035F028 /* ViewModel.swift */ = {isa = PBXFileReference; lastKnownFileType = sourcecode.swift; path = ViewModel.swift; sourceTree = "<group>"; };
		780DC837240F398D0035F028 /* Service.swift */ = {isa = PBXFileReference; lastKnownFileType = sourcecode.swift; path = Service.swift; sourceTree = "<group>"; };
		780DC839240F39D30035F028 /* ViewController.swift */ = {isa = PBXFileReference; lastKnownFileType = sourcecode.swift; path = ViewController.swift; sourceTree = "<group>"; };
		780DC83B240F3A8E0035F028 /* Result.swift */ = {isa = PBXFileReference; lastKnownFileType = sourcecode.swift; path = Result.swift; sourceTree = "<group>"; };
		780DC83D240F3B400035F028 /* Endpoints.swift */ = {isa = PBXFileReference; lastKnownFileType = sourcecode.swift; path = Endpoints.swift; sourceTree = "<group>"; };
		780DC83F240F3D240035F028 /* Keys.swift */ = {isa = PBXFileReference; lastKnownFileType = sourcecode.swift; path = Keys.swift; sourceTree = "<group>"; };
		780DC843240F41B70035F028 /* AppCoordinator.swift */ = {isa = PBXFileReference; lastKnownFileType = sourcecode.swift; path = AppCoordinator.swift; sourceTree = "<group>"; };
		780DC845240F444C0035F028 /* CharactersViewController.swift */ = {isa = PBXFileReference; lastKnownFileType = sourcecode.swift; path = CharactersViewController.swift; sourceTree = "<group>"; };
		780DC848240F45520035F028 /* R.generated.swift */ = {isa = PBXFileReference; fileEncoding = 4; lastKnownFileType = sourcecode.swift; path = R.generated.swift; sourceTree = SOURCE_ROOT; };
		780DC84A240F45D10035F028 /* CharactersViewModel.swift */ = {isa = PBXFileReference; lastKnownFileType = sourcecode.swift; path = CharactersViewModel.swift; sourceTree = "<group>"; };
		780DC84C240F46250035F028 /* CharactersCoordinator.swift */ = {isa = PBXFileReference; lastKnownFileType = sourcecode.swift; path = CharactersCoordinator.swift; sourceTree = "<group>"; };
		780DC84E240F48AE0035F028 /* NavigationController.swift */ = {isa = PBXFileReference; lastKnownFileType = sourcecode.swift; path = NavigationController.swift; sourceTree = "<group>"; };
		780DC850240F49EC0035F028 /* UINavigationBar.swift */ = {isa = PBXFileReference; lastKnownFileType = sourcecode.swift; path = UINavigationBar.swift; sourceTree = "<group>"; };
		78160B12240F35FC000537A7 /* mvvm-c.app */ = {isa = PBXFileReference; explicitFileType = wrapper.application; includeInIndex = 0; path = "mvvm-c.app"; sourceTree = BUILT_PRODUCTS_DIR; };
		78160B15240F35FC000537A7 /* AppDelegate.swift */ = {isa = PBXFileReference; lastKnownFileType = sourcecode.swift; path = AppDelegate.swift; sourceTree = "<group>"; };
		78160B17240F35FC000537A7 /* SceneDelegate.swift */ = {isa = PBXFileReference; lastKnownFileType = sourcecode.swift; path = SceneDelegate.swift; sourceTree = "<group>"; };
		78160B1F240F35FC000537A7 /* mvvm_c.xcdatamodel */ = {isa = PBXFileReference; lastKnownFileType = wrapper.xcdatamodel; path = mvvm_c.xcdatamodel; sourceTree = "<group>"; };
		78160B21240F35FF000537A7 /* Assets.xcassets */ = {isa = PBXFileReference; lastKnownFileType = folder.assetcatalog; path = Assets.xcassets; sourceTree = "<group>"; };
		78160B24240F35FF000537A7 /* Base */ = {isa = PBXFileReference; lastKnownFileType = file.storyboard; name = Base; path = Base.lproj/LaunchScreen.storyboard; sourceTree = "<group>"; };
		78160B26240F35FF000537A7 /* Info.plist */ = {isa = PBXFileReference; lastKnownFileType = text.plist.xml; path = Info.plist; sourceTree = "<group>"; };
		78160B2B240F35FF000537A7 /* mvvm-cTests.xctest */ = {isa = PBXFileReference; explicitFileType = wrapper.cfbundle; includeInIndex = 0; path = "mvvm-cTests.xctest"; sourceTree = BUILT_PRODUCTS_DIR; };
		78160B31240F35FF000537A7 /* Info.plist */ = {isa = PBXFileReference; lastKnownFileType = text.plist.xml; path = Info.plist; sourceTree = "<group>"; };
		78160B36240F35FF000537A7 /* mvvm-cUITests.xctest */ = {isa = PBXFileReference; explicitFileType = wrapper.cfbundle; includeInIndex = 0; path = "mvvm-cUITests.xctest"; sourceTree = BUILT_PRODUCTS_DIR; };
		78160B3A240F35FF000537A7 /* mvvm_cUITests.swift */ = {isa = PBXFileReference; lastKnownFileType = sourcecode.swift; path = mvvm_cUITests.swift; sourceTree = "<group>"; };
		78160B3C240F35FF000537A7 /* Info.plist */ = {isa = PBXFileReference; lastKnownFileType = text.plist.xml; path = Info.plist; sourceTree = "<group>"; };
		7888EC082413F21E00A7DBE0 /* LoadingStateView.swift */ = {isa = PBXFileReference; lastKnownFileType = sourcecode.swift; path = LoadingStateView.swift; sourceTree = "<group>"; };
		7888EC0A24141BF300A7DBE0 /* CharactersViewModelSpec.swift */ = {isa = PBXFileReference; lastKnownFileType = sourcecode.swift; path = CharactersViewModelSpec.swift; sourceTree = "<group>"; };
		7888EC0C24141F3800A7DBE0 /* CharactersCoordinatorSpy.swift */ = {isa = PBXFileReference; lastKnownFileType = sourcecode.swift; path = CharactersCoordinatorSpy.swift; sourceTree = "<group>"; };
		7888EC0E241421AF00A7DBE0 /* CharactersMock.swift */ = {isa = PBXFileReference; lastKnownFileType = sourcecode.swift; path = CharactersMock.swift; sourceTree = "<group>"; };
		7888EC1024156AC600A7DBE0 /* CharactersServiceMock.swift */ = {isa = PBXFileReference; lastKnownFileType = sourcecode.swift; path = CharactersServiceMock.swift; sourceTree = "<group>"; };
		7888EC1224156B8000A7DBE0 /* ResultType.swift */ = {isa = PBXFileReference; lastKnownFileType = sourcecode.swift; path = ResultType.swift; sourceTree = "<group>"; };
		78DF09542411C19F00F1A323 /* CharactersView.swift */ = {isa = PBXFileReference; lastKnownFileType = sourcecode.swift; path = CharactersView.swift; sourceTree = "<group>"; };
		78DF09562411C90100F1A323 /* CharactersService.swift */ = {isa = PBXFileReference; lastKnownFileType = sourcecode.swift; path = CharactersService.swift; sourceTree = "<group>"; };
		78DF09592411C9D100F1A323 /* CharactersResponse.swift */ = {isa = PBXFileReference; lastKnownFileType = sourcecode.swift; path = CharactersResponse.swift; sourceTree = "<group>"; };
		78DF095B2411CD1100F1A323 /* SectionViewModel.swift */ = {isa = PBXFileReference; lastKnownFileType = sourcecode.swift; path = SectionViewModel.swift; sourceTree = "<group>"; };
		78DF095D2411CEB700F1A323 /* CharacterCell.swift */ = {isa = PBXFileReference; lastKnownFileType = sourcecode.swift; path = CharacterCell.swift; sourceTree = "<group>"; };
		78DF095F2411CF5B00F1A323 /* CharacterItemViewModel.swift */ = {isa = PBXFileReference; lastKnownFileType = sourcecode.swift; path = CharacterItemViewModel.swift; sourceTree = "<group>"; };
		78DF09612411DB5F00F1A323 /* DataResponse.swift */ = {isa = PBXFileReference; lastKnownFileType = sourcecode.swift; path = DataResponse.swift; sourceTree = "<group>"; };
		78DF09652411DC1400F1A323 /* Character.swift */ = {isa = PBXFileReference; lastKnownFileType = sourcecode.swift; path = Character.swift; sourceTree = "<group>"; };
		78F50B5124184EB700BB1066 /* CharacterDetailsViewController.swift */ = {isa = PBXFileReference; lastKnownFileType = sourcecode.swift; path = CharacterDetailsViewController.swift; sourceTree = "<group>"; };
		78F50B5324184EF300BB1066 /* CharacterDetailsViewModel.swift */ = {isa = PBXFileReference; lastKnownFileType = sourcecode.swift; path = CharacterDetailsViewModel.swift; sourceTree = "<group>"; };
		78F50B5524184F1300BB1066 /* CharacterDetailsView.swift */ = {isa = PBXFileReference; lastKnownFileType = sourcecode.swift; path = CharacterDetailsView.swift; sourceTree = "<group>"; };
		78F50B572418731100BB1066 /* EmptyStateView.swift */ = {isa = PBXFileReference; fileEncoding = 4; lastKnownFileType = sourcecode.swift; path = EmptyStateView.swift; sourceTree = "<group>"; };
		8CC63DAC77D6B27DB54D93D7 /* Pods-mvvm-cTests.debug.xcconfig */ = {isa = PBXFileReference; includeInIndex = 1; lastKnownFileType = text.xcconfig; name = "Pods-mvvm-cTests.debug.xcconfig"; path = "Pods/Target Support Files/Pods-mvvm-cTests/Pods-mvvm-cTests.debug.xcconfig"; sourceTree = "<group>"; };
		92F3D866BF3F534226C835DD /* Pods-mvvm-c-mvvm-cUITests.debug.xcconfig */ = {isa = PBXFileReference; includeInIndex = 1; lastKnownFileType = text.xcconfig; name = "Pods-mvvm-c-mvvm-cUITests.debug.xcconfig"; path = "Pods/Target Support Files/Pods-mvvm-c-mvvm-cUITests/Pods-mvvm-c-mvvm-cUITests.debug.xcconfig"; sourceTree = "<group>"; };
		AA3A12366D4F13078ECA5541 /* Pods-mvvm-c.debug.xcconfig */ = {isa = PBXFileReference; includeInIndex = 1; lastKnownFileType = text.xcconfig; name = "Pods-mvvm-c.debug.xcconfig"; path = "Pods/Target Support Files/Pods-mvvm-c/Pods-mvvm-c.debug.xcconfig"; sourceTree = "<group>"; };
		B62B1092B22C0EA8252FEE83 /* Pods_mvvm_c_mvvm_cUITests.framework */ = {isa = PBXFileReference; explicitFileType = wrapper.framework; includeInIndex = 0; path = Pods_mvvm_c_mvvm_cUITests.framework; sourceTree = BUILT_PRODUCTS_DIR; };
		BDBF0657EFB9E65E5E34352C /* Pods-mvvm-cTests.release.xcconfig */ = {isa = PBXFileReference; includeInIndex = 1; lastKnownFileType = text.xcconfig; name = "Pods-mvvm-cTests.release.xcconfig"; path = "Pods/Target Support Files/Pods-mvvm-cTests/Pods-mvvm-cTests.release.xcconfig"; sourceTree = "<group>"; };
		CFE1B0F5F461654F5192B155 /* Pods_mvvm_c.framework */ = {isa = PBXFileReference; explicitFileType = wrapper.framework; includeInIndex = 0; path = Pods_mvvm_c.framework; sourceTree = BUILT_PRODUCTS_DIR; };
		F309A34D9D81EB338922F7CE /* Pods-mvvm-c-mvvm-cUITests.release.xcconfig */ = {isa = PBXFileReference; includeInIndex = 1; lastKnownFileType = text.xcconfig; name = "Pods-mvvm-c-mvvm-cUITests.release.xcconfig"; path = "Pods/Target Support Files/Pods-mvvm-c-mvvm-cUITests/Pods-mvvm-c-mvvm-cUITests.release.xcconfig"; sourceTree = "<group>"; };
/* End PBXFileReference section */

/* Begin PBXFrameworksBuildPhase section */
		78160B0F240F35FC000537A7 /* Frameworks */ = {
			isa = PBXFrameworksBuildPhase;
			buildActionMask = 2147483647;
			files = (
				AEAA64D189EFCC1607A85D8A /* Pods_mvvm_c.framework in Frameworks */,
			);
			runOnlyForDeploymentPostprocessing = 0;
		};
		78160B28240F35FF000537A7 /* Frameworks */ = {
			isa = PBXFrameworksBuildPhase;
			buildActionMask = 2147483647;
			files = (
				47185049050EA41E7C5A3783 /* Pods_mvvm_cTests.framework in Frameworks */,
			);
			runOnlyForDeploymentPostprocessing = 0;
		};
		78160B33240F35FF000537A7 /* Frameworks */ = {
			isa = PBXFrameworksBuildPhase;
			buildActionMask = 2147483647;
			files = (
				8AF725F7AC3F73E1640774D2 /* Pods_mvvm_c_mvvm_cUITests.framework in Frameworks */,
			);
			runOnlyForDeploymentPostprocessing = 0;
		};
/* End PBXFrameworksBuildPhase section */

/* Begin PBXGroup section */
		780DC822240F36E80035F028 /* Model */ = {
			isa = PBXGroup;
			children = (
				780DC82D240F379E0035F028 /* Entity */,
				780DC82E240F37A30035F028 /* Service */,
			);
			path = Model;
			sourceTree = "<group>";
		};
		780DC823240F36F20035F028 /* Common */ = {
			isa = PBXGroup;
			children = (
				780DC830240F37BB0035F028 /* Extensions */,
				780DC82F240F37B00035F028 /* Base */,
				78160B15240F35FC000537A7 /* AppDelegate.swift */,
				780DC843240F41B70035F028 /* AppCoordinator.swift */,
				78160B17240F35FC000537A7 /* SceneDelegate.swift */,
				78160B23240F35FF000537A7 /* LaunchScreen.storyboard */,
				78160B26240F35FF000537A7 /* Info.plist */,
				78160B1E240F35FC000537A7 /* mvvm_c.xcdatamodeld */,
				78160B21240F35FF000537A7 /* Assets.xcassets */,
				780DC848240F45520035F028 /* R.generated.swift */,
			);
			path = Common;
			sourceTree = "<group>";
		};
		780DC827240F37530035F028 /* View */ = {
			isa = PBXGroup;
			children = (
				780DC82B240F37840035F028 /* Cell */,
				780DC82C240F37890035F028 /* Components */,
			);
			path = View;
			sourceTree = "<group>";
		};
		780DC82B240F37840035F028 /* Cell */ = {
			isa = PBXGroup;
			children = (
				78DF095D2411CEB700F1A323 /* CharacterCell.swift */,
				78DF095F2411CF5B00F1A323 /* CharacterItemViewModel.swift */,
			);
			path = Cell;
			sourceTree = "<group>";
		};
		780DC82C240F37890035F028 /* Components */ = {
			isa = PBXGroup;
			children = (
				78F50B572418731100BB1066 /* EmptyStateView.swift */,
				7888EC082413F21E00A7DBE0 /* LoadingStateView.swift */,
			);
			path = Components;
			sourceTree = "<group>";
		};
		780DC82D240F379E0035F028 /* Entity */ = {
			isa = PBXGroup;
			children = (
				78DF09652411DC1400F1A323 /* Character.swift */,
			);
			path = Entity;
			sourceTree = "<group>";
		};
		780DC82E240F37A30035F028 /* Service */ = {
			isa = PBXGroup;
			children = (
				78DF09582411C9B400F1A323 /* Responses */,
				780DC83B240F3A8E0035F028 /* Result.swift */,
				780DC83D240F3B400035F028 /* Endpoints.swift */,
				780DC83F240F3D240035F028 /* Keys.swift */,
				78DF09562411C90100F1A323 /* CharactersService.swift */,
			);
			path = Service;
			sourceTree = "<group>";
		};
		780DC82F240F37B00035F028 /* Base */ = {
			isa = PBXGroup;
			children = (
				780DC837240F398D0035F028 /* Service.swift */,
				780DC833240F39640035F028 /* Coordinator.swift */,
				780DC835240F39770035F028 /* ViewModel.swift */,
				780DC839240F39D30035F028 /* ViewController.swift */,
				780DC84E240F48AE0035F028 /* NavigationController.swift */,
				78DF095B2411CD1100F1A323 /* SectionViewModel.swift */,
			);
			path = Base;
			sourceTree = "<group>";
		};
		780DC830240F37BB0035F028 /* Extensions */ = {
			isa = PBXGroup;
			children = (
				780DC850240F49EC0035F028 /* UINavigationBar.swift */,
			);
			path = Extensions;
			sourceTree = "<group>";
		};
		78160B09240F35FC000537A7 = {
			isa = PBXGroup;
			children = (
				78160B14240F35FC000537A7 /* mvvm-c */,
				78160B2E240F35FF000537A7 /* mvvm-cTests */,
				78160B39240F35FF000537A7 /* mvvm-cUITests */,
				78160B13240F35FC000537A7 /* Products */,
				F50A9F7DF393C1498CFD83CE /* Pods */,
				C92C5364CC1434369B983BA2 /* Frameworks */,
			);
			sourceTree = "<group>";
		};
		78160B13240F35FC000537A7 /* Products */ = {
			isa = PBXGroup;
			children = (
				78160B12240F35FC000537A7 /* mvvm-c.app */,
				78160B2B240F35FF000537A7 /* mvvm-cTests.xctest */,
				78160B36240F35FF000537A7 /* mvvm-cUITests.xctest */,
			);
			name = Products;
			sourceTree = "<group>";
		};
		78160B14240F35FC000537A7 /* mvvm-c */ = {
			isa = PBXGroup;
			children = (
				78DF09502411C00F00F1A323 /* Features */,
				780DC822240F36E80035F028 /* Model */,
				780DC827240F37530035F028 /* View */,
				780DC823240F36F20035F028 /* Common */,
			);
			path = "mvvm-c";
			sourceTree = "<group>";
		};
		78160B2E240F35FF000537A7 /* mvvm-cTests */ = {
			isa = PBXGroup;
			children = (
				78F50B5924187A1100BB1066 /* Characters */,
				78160B31240F35FF000537A7 /* Info.plist */,
				7888EC1224156B8000A7DBE0 /* ResultType.swift */,
			);
			path = "mvvm-cTests";
			sourceTree = "<group>";
		};
		78160B39240F35FF000537A7 /* mvvm-cUITests */ = {
			isa = PBXGroup;
			children = (
				78160B3A240F35FF000537A7 /* mvvm_cUITests.swift */,
				78160B3C240F35FF000537A7 /* Info.plist */,
			);
			path = "mvvm-cUITests";
			sourceTree = "<group>";
		};
		78DF09502411C00F00F1A323 /* Features */ = {
			isa = PBXGroup;
			children = (
				78DF09512411C02000F1A323 /* Characters */,
			);
			path = Features;
			sourceTree = "<group>";
		};
		78DF09512411C02000F1A323 /* Characters */ = {
			isa = PBXGroup;
			children = (
				78DF09532411C11A00F1A323 /* CharacterDetails */,
				78DF09522411C10400F1A323 /* Characters */,
				780DC84C240F46250035F028 /* CharactersCoordinator.swift */,
			);
			path = Characters;
			sourceTree = "<group>";
		};
		78DF09522411C10400F1A323 /* Characters */ = {
			isa = PBXGroup;
			children = (
				78DF09542411C19F00F1A323 /* CharactersView.swift */,
				780DC845240F444C0035F028 /* CharactersViewController.swift */,
				780DC84A240F45D10035F028 /* CharactersViewModel.swift */,
			);
			path = Characters;
			sourceTree = "<group>";
		};
		78DF09532411C11A00F1A323 /* CharacterDetails */ = {
			isa = PBXGroup;
			children = (
				78F50B5124184EB700BB1066 /* CharacterDetailsViewController.swift */,
				78F50B5324184EF300BB1066 /* CharacterDetailsViewModel.swift */,
				78F50B5524184F1300BB1066 /* CharacterDetailsView.swift */,
			);
			path = CharacterDetails;
			sourceTree = "<group>";
		};
		78DF09582411C9B400F1A323 /* Responses */ = {
			isa = PBXGroup;
			children = (
				78DF09612411DB5F00F1A323 /* DataResponse.swift */,
				78DF09592411C9D100F1A323 /* CharactersResponse.swift */,
			);
			path = Responses;
			sourceTree = "<group>";
		};
		78F50B5924187A1100BB1066 /* Characters */ = {
			isa = PBXGroup;
			children = (
				7888EC0A24141BF300A7DBE0 /* CharactersViewModelSpec.swift */,
				7888EC1024156AC600A7DBE0 /* CharactersServiceMock.swift */,
				7888EC0E241421AF00A7DBE0 /* CharactersMock.swift */,
				7888EC0C24141F3800A7DBE0 /* CharactersCoordinatorSpy.swift */,
			);
			path = Characters;
			sourceTree = "<group>";
		};
		C92C5364CC1434369B983BA2 /* Frameworks */ = {
			isa = PBXGroup;
			children = (
				CFE1B0F5F461654F5192B155 /* Pods_mvvm_c.framework */,
				B62B1092B22C0EA8252FEE83 /* Pods_mvvm_c_mvvm_cUITests.framework */,
				2A8B520DFF585A9290817C37 /* Pods_mvvm_cTests.framework */,
			);
			name = Frameworks;
			sourceTree = "<group>";
		};
		F50A9F7DF393C1498CFD83CE /* Pods */ = {
			isa = PBXGroup;
			children = (
				AA3A12366D4F13078ECA5541 /* Pods-mvvm-c.debug.xcconfig */,
				3F5E9520AF36E18E705FE9AA /* Pods-mvvm-c.release.xcconfig */,
				92F3D866BF3F534226C835DD /* Pods-mvvm-c-mvvm-cUITests.debug.xcconfig */,
				F309A34D9D81EB338922F7CE /* Pods-mvvm-c-mvvm-cUITests.release.xcconfig */,
				8CC63DAC77D6B27DB54D93D7 /* Pods-mvvm-cTests.debug.xcconfig */,
				BDBF0657EFB9E65E5E34352C /* Pods-mvvm-cTests.release.xcconfig */,
			);
			name = Pods;
			sourceTree = "<group>";
		};
/* End PBXGroup section */

/* Begin PBXNativeTarget section */
		78160B11240F35FC000537A7 /* mvvm-c */ = {
			isa = PBXNativeTarget;
			buildConfigurationList = 78160B3F240F35FF000537A7 /* Build configuration list for PBXNativeTarget "mvvm-c" */;
			buildPhases = (
				EFAFBB2CC1ADE92FD00BEA5A /* [CP] Check Pods Manifest.lock */,
				780DC847240F450B0035F028 /* R.swift */,
				78160B0E240F35FC000537A7 /* Sources */,
				78160B0F240F35FC000537A7 /* Frameworks */,
				78160B10240F35FC000537A7 /* Resources */,
				ABE326BAA0EA92A974B4052C /* [CP] Embed Pods Frameworks */,
			);
			buildRules = (
			);
			dependencies = (
			);
			name = "mvvm-c";
			productName = "mvvm-c";
			productReference = 78160B12240F35FC000537A7 /* mvvm-c.app */;
			productType = "com.apple.product-type.application";
		};
		78160B2A240F35FF000537A7 /* mvvm-cTests */ = {
			isa = PBXNativeTarget;
			buildConfigurationList = 78160B42240F35FF000537A7 /* Build configuration list for PBXNativeTarget "mvvm-cTests" */;
			buildPhases = (
				FA0A006B1739C8FEF9F9EF09 /* [CP] Check Pods Manifest.lock */,
				78160B27240F35FF000537A7 /* Sources */,
				78160B28240F35FF000537A7 /* Frameworks */,
				78160B29240F35FF000537A7 /* Resources */,
				34B11C4B0CE80A2EB5B1C1B7 /* [CP] Embed Pods Frameworks */,
			);
			buildRules = (
			);
			dependencies = (
				78160B2D240F35FF000537A7 /* PBXTargetDependency */,
			);
			name = "mvvm-cTests";
			productName = "mvvm-cTests";
			productReference = 78160B2B240F35FF000537A7 /* mvvm-cTests.xctest */;
			productType = "com.apple.product-type.bundle.unit-test";
		};
		78160B35240F35FF000537A7 /* mvvm-cUITests */ = {
			isa = PBXNativeTarget;
			buildConfigurationList = 78160B45240F35FF000537A7 /* Build configuration list for PBXNativeTarget "mvvm-cUITests" */;
			buildPhases = (
				42B577917900F8D2067C544A /* [CP] Check Pods Manifest.lock */,
				78160B32240F35FF000537A7 /* Sources */,
				78160B33240F35FF000537A7 /* Frameworks */,
				78160B34240F35FF000537A7 /* Resources */,
				7065B858E371DE47F23E962D /* [CP] Embed Pods Frameworks */,
			);
			buildRules = (
			);
			dependencies = (
				78160B38240F35FF000537A7 /* PBXTargetDependency */,
			);
			name = "mvvm-cUITests";
			productName = "mvvm-cUITests";
			productReference = 78160B36240F35FF000537A7 /* mvvm-cUITests.xctest */;
			productType = "com.apple.product-type.bundle.ui-testing";
		};
/* End PBXNativeTarget section */

/* Begin PBXProject section */
		78160B0A240F35FC000537A7 /* Project object */ = {
			isa = PBXProject;
			attributes = {
				LastSwiftUpdateCheck = 1130;
				LastUpgradeCheck = 1130;
				ORGANIZATIONNAME = "Igor Vaz";
				TargetAttributes = {
					78160B11240F35FC000537A7 = {
						CreatedOnToolsVersion = 11.3.1;
					};
					78160B2A240F35FF000537A7 = {
						CreatedOnToolsVersion = 11.3.1;
						TestTargetID = 78160B11240F35FC000537A7;
					};
					78160B35240F35FF000537A7 = {
						CreatedOnToolsVersion = 11.3.1;
						TestTargetID = 78160B11240F35FC000537A7;
					};
				};
			};
			buildConfigurationList = 78160B0D240F35FC000537A7 /* Build configuration list for PBXProject "mvvm-c" */;
			compatibilityVersion = "Xcode 9.3";
			developmentRegion = en;
			hasScannedForEncodings = 0;
			knownRegions = (
				en,
				Base,
			);
			mainGroup = 78160B09240F35FC000537A7;
			productRefGroup = 78160B13240F35FC000537A7 /* Products */;
			projectDirPath = "";
			projectRoot = "";
			targets = (
				78160B11240F35FC000537A7 /* mvvm-c */,
				78160B2A240F35FF000537A7 /* mvvm-cTests */,
				78160B35240F35FF000537A7 /* mvvm-cUITests */,
			);
		};
/* End PBXProject section */

/* Begin PBXResourcesBuildPhase section */
		78160B10240F35FC000537A7 /* Resources */ = {
			isa = PBXResourcesBuildPhase;
			buildActionMask = 2147483647;
			files = (
				78160B25240F35FF000537A7 /* LaunchScreen.storyboard in Resources */,
				78160B22240F35FF000537A7 /* Assets.xcassets in Resources */,
			);
			runOnlyForDeploymentPostprocessing = 0;
		};
		78160B29240F35FF000537A7 /* Resources */ = {
			isa = PBXResourcesBuildPhase;
			buildActionMask = 2147483647;
			files = (
			);
			runOnlyForDeploymentPostprocessing = 0;
		};
		78160B34240F35FF000537A7 /* Resources */ = {
			isa = PBXResourcesBuildPhase;
			buildActionMask = 2147483647;
			files = (
			);
			runOnlyForDeploymentPostprocessing = 0;
		};
/* End PBXResourcesBuildPhase section */

/* Begin PBXShellScriptBuildPhase section */
		34B11C4B0CE80A2EB5B1C1B7 /* [CP] Embed Pods Frameworks */ = {
			isa = PBXShellScriptBuildPhase;
			buildActionMask = 2147483647;
			files = (
			);
			inputPaths = (
				"${SRCROOT}/Pods/Target Support Files/Pods-mvvm-cTests/Pods-mvvm-cTests-frameworks.sh",
				"${BUILT_PRODUCTS_DIR}/RxSwift/RxSwift.framework",
				"${BUILT_PRODUCTS_DIR}/Nimble/Nimble.framework",
				"${BUILT_PRODUCTS_DIR}/Quick/Quick.framework",
				"${BUILT_PRODUCTS_DIR}/RxTest/RxTest.framework",
			);
			name = "[CP] Embed Pods Frameworks";
			outputPaths = (
				"${TARGET_BUILD_DIR}/${FRAMEWORKS_FOLDER_PATH}/RxSwift.framework",
				"${TARGET_BUILD_DIR}/${FRAMEWORKS_FOLDER_PATH}/Nimble.framework",
				"${TARGET_BUILD_DIR}/${FRAMEWORKS_FOLDER_PATH}/Quick.framework",
				"${TARGET_BUILD_DIR}/${FRAMEWORKS_FOLDER_PATH}/RxTest.framework",
			);
			runOnlyForDeploymentPostprocessing = 0;
			shellPath = /bin/sh;
			shellScript = "\"${SRCROOT}/Pods/Target Support Files/Pods-mvvm-cTests/Pods-mvvm-cTests-frameworks.sh\"\n";
			showEnvVarsInLog = 0;
		};
		42B577917900F8D2067C544A /* [CP] Check Pods Manifest.lock */ = {
			isa = PBXShellScriptBuildPhase;
			buildActionMask = 2147483647;
			files = (
			);
			inputPaths = (
				"${PODS_PODFILE_DIR_PATH}/Podfile.lock",
				"${PODS_ROOT}/Manifest.lock",
			);
			name = "[CP] Check Pods Manifest.lock";
			outputPaths = (
				"$(DERIVED_FILE_DIR)/Pods-mvvm-c-mvvm-cUITests-checkManifestLockResult.txt",
			);
			runOnlyForDeploymentPostprocessing = 0;
			shellPath = /bin/sh;
			shellScript = "diff \"${PODS_PODFILE_DIR_PATH}/Podfile.lock\" \"${PODS_ROOT}/Manifest.lock\" > /dev/null\nif [ $? != 0 ] ; then\n    # print error to STDERR\n    echo \"error: The sandbox is not in sync with the Podfile.lock. Run 'pod install' or update your CocoaPods installation.\" >&2\n    exit 1\nfi\n# This output is used by Xcode 'outputs' to avoid re-running this script phase.\necho \"SUCCESS\" > \"${SCRIPT_OUTPUT_FILE_0}\"\n";
			showEnvVarsInLog = 0;
		};
		7065B858E371DE47F23E962D /* [CP] Embed Pods Frameworks */ = {
			isa = PBXShellScriptBuildPhase;
			buildActionMask = 2147483647;
			files = (
			);
			inputPaths = (
				"${SRCROOT}/Pods/Target Support Files/Pods-mvvm-c-mvvm-cUITests/Pods-mvvm-c-mvvm-cUITests-frameworks.sh",
				"${BUILT_PRODUCTS_DIR}/Alamofire/Alamofire.framework",
				"${BUILT_PRODUCTS_DIR}/Differentiator/Differentiator.framework",
				"${BUILT_PRODUCTS_DIR}/R.swift.Library/Rswift.framework",
				"${BUILT_PRODUCTS_DIR}/RxCocoa/RxCocoa.framework",
				"${BUILT_PRODUCTS_DIR}/RxDataSources/RxDataSources.framework",
				"${BUILT_PRODUCTS_DIR}/RxRelay/RxRelay.framework",
				"${BUILT_PRODUCTS_DIR}/RxSwift/RxSwift.framework",
				"${BUILT_PRODUCTS_DIR}/RxSwiftExt/RxSwiftExt.framework",
				"${BUILT_PRODUCTS_DIR}/SnapKit/SnapKit.framework",
			);
			name = "[CP] Embed Pods Frameworks";
			outputPaths = (
				"${TARGET_BUILD_DIR}/${FRAMEWORKS_FOLDER_PATH}/Alamofire.framework",
				"${TARGET_BUILD_DIR}/${FRAMEWORKS_FOLDER_PATH}/Differentiator.framework",
				"${TARGET_BUILD_DIR}/${FRAMEWORKS_FOLDER_PATH}/Rswift.framework",
				"${TARGET_BUILD_DIR}/${FRAMEWORKS_FOLDER_PATH}/RxCocoa.framework",
				"${TARGET_BUILD_DIR}/${FRAMEWORKS_FOLDER_PATH}/RxDataSources.framework",
				"${TARGET_BUILD_DIR}/${FRAMEWORKS_FOLDER_PATH}/RxRelay.framework",
				"${TARGET_BUILD_DIR}/${FRAMEWORKS_FOLDER_PATH}/RxSwift.framework",
				"${TARGET_BUILD_DIR}/${FRAMEWORKS_FOLDER_PATH}/RxSwiftExt.framework",
				"${TARGET_BUILD_DIR}/${FRAMEWORKS_FOLDER_PATH}/SnapKit.framework",
			);
			runOnlyForDeploymentPostprocessing = 0;
			shellPath = /bin/sh;
			shellScript = "\"${SRCROOT}/Pods/Target Support Files/Pods-mvvm-c-mvvm-cUITests/Pods-mvvm-c-mvvm-cUITests-frameworks.sh\"\n";
			showEnvVarsInLog = 0;
		};
		780DC847240F450B0035F028 /* R.swift */ = {
			isa = PBXShellScriptBuildPhase;
			buildActionMask = 2147483647;
			files = (
			);
			inputPaths = (
				"$TEMP_DIR/rswift-lastrun",
			);
			name = R.swift;
			outputPaths = (
				"$SRCROOT/R.generated.swift",
			);
			runOnlyForDeploymentPostprocessing = 0;
			shellPath = /bin/sh;
			shellScript = "# Type a script or drag a script file from your workspace to insert its path.\n\"$PODS_ROOT/R.swift/rswift\" generate \"$SRCROOT/R.generated.swift\"\n";
		};
		ABE326BAA0EA92A974B4052C /* [CP] Embed Pods Frameworks */ = {
			isa = PBXShellScriptBuildPhase;
			buildActionMask = 2147483647;
			files = (
			);
			inputPaths = (
				"${SRCROOT}/Pods/Target Support Files/Pods-mvvm-c/Pods-mvvm-c-frameworks.sh",
				"${BUILT_PRODUCTS_DIR}/Alamofire/Alamofire.framework",
				"${BUILT_PRODUCTS_DIR}/Differentiator/Differentiator.framework",
				"${BUILT_PRODUCTS_DIR}/R.swift.Library/Rswift.framework",
				"${BUILT_PRODUCTS_DIR}/RxCocoa/RxCocoa.framework",
				"${BUILT_PRODUCTS_DIR}/RxDataSources/RxDataSources.framework",
				"${BUILT_PRODUCTS_DIR}/RxRelay/RxRelay.framework",
				"${BUILT_PRODUCTS_DIR}/RxSwift/RxSwift.framework",
				"${BUILT_PRODUCTS_DIR}/RxSwiftExt/RxSwiftExt.framework",
				"${BUILT_PRODUCTS_DIR}/SnapKit/SnapKit.framework",
			);
			name = "[CP] Embed Pods Frameworks";
			outputPaths = (
				"${TARGET_BUILD_DIR}/${FRAMEWORKS_FOLDER_PATH}/Alamofire.framework",
				"${TARGET_BUILD_DIR}/${FRAMEWORKS_FOLDER_PATH}/Differentiator.framework",
				"${TARGET_BUILD_DIR}/${FRAMEWORKS_FOLDER_PATH}/Rswift.framework",
				"${TARGET_BUILD_DIR}/${FRAMEWORKS_FOLDER_PATH}/RxCocoa.framework",
				"${TARGET_BUILD_DIR}/${FRAMEWORKS_FOLDER_PATH}/RxDataSources.framework",
				"${TARGET_BUILD_DIR}/${FRAMEWORKS_FOLDER_PATH}/RxRelay.framework",
				"${TARGET_BUILD_DIR}/${FRAMEWORKS_FOLDER_PATH}/RxSwift.framework",
				"${TARGET_BUILD_DIR}/${FRAMEWORKS_FOLDER_PATH}/RxSwiftExt.framework",
				"${TARGET_BUILD_DIR}/${FRAMEWORKS_FOLDER_PATH}/SnapKit.framework",
			);
			runOnlyForDeploymentPostprocessing = 0;
			shellPath = /bin/sh;
			shellScript = "\"${SRCROOT}/Pods/Target Support Files/Pods-mvvm-c/Pods-mvvm-c-frameworks.sh\"\n";
			showEnvVarsInLog = 0;
		};
		EFAFBB2CC1ADE92FD00BEA5A /* [CP] Check Pods Manifest.lock */ = {
			isa = PBXShellScriptBuildPhase;
			buildActionMask = 2147483647;
			files = (
			);
			inputPaths = (
				"${PODS_PODFILE_DIR_PATH}/Podfile.lock",
				"${PODS_ROOT}/Manifest.lock",
			);
			name = "[CP] Check Pods Manifest.lock";
			outputPaths = (
				"$(DERIVED_FILE_DIR)/Pods-mvvm-c-checkManifestLockResult.txt",
			);
			runOnlyForDeploymentPostprocessing = 0;
			shellPath = /bin/sh;
			shellScript = "diff \"${PODS_PODFILE_DIR_PATH}/Podfile.lock\" \"${PODS_ROOT}/Manifest.lock\" > /dev/null\nif [ $? != 0 ] ; then\n    # print error to STDERR\n    echo \"error: The sandbox is not in sync with the Podfile.lock. Run 'pod install' or update your CocoaPods installation.\" >&2\n    exit 1\nfi\n# This output is used by Xcode 'outputs' to avoid re-running this script phase.\necho \"SUCCESS\" > \"${SCRIPT_OUTPUT_FILE_0}\"\n";
			showEnvVarsInLog = 0;
		};
		FA0A006B1739C8FEF9F9EF09 /* [CP] Check Pods Manifest.lock */ = {
			isa = PBXShellScriptBuildPhase;
			buildActionMask = 2147483647;
			files = (
			);
			inputPaths = (
				"${PODS_PODFILE_DIR_PATH}/Podfile.lock",
				"${PODS_ROOT}/Manifest.lock",
			);
			name = "[CP] Check Pods Manifest.lock";
			outputPaths = (
				"$(DERIVED_FILE_DIR)/Pods-mvvm-cTests-checkManifestLockResult.txt",
			);
			runOnlyForDeploymentPostprocessing = 0;
			shellPath = /bin/sh;
			shellScript = "diff \"${PODS_PODFILE_DIR_PATH}/Podfile.lock\" \"${PODS_ROOT}/Manifest.lock\" > /dev/null\nif [ $? != 0 ] ; then\n    # print error to STDERR\n    echo \"error: The sandbox is not in sync with the Podfile.lock. Run 'pod install' or update your CocoaPods installation.\" >&2\n    exit 1\nfi\n# This output is used by Xcode 'outputs' to avoid re-running this script phase.\necho \"SUCCESS\" > \"${SCRIPT_OUTPUT_FILE_0}\"\n";
			showEnvVarsInLog = 0;
		};
/* End PBXShellScriptBuildPhase section */

/* Begin PBXSourcesBuildPhase section */
		78160B0E240F35FC000537A7 /* Sources */ = {
			isa = PBXSourcesBuildPhase;
			buildActionMask = 2147483647;
			files = (
				780DC844240F41B70035F028 /* AppCoordinator.swift in Sources */,
				780DC849240F45520035F028 /* R.generated.swift in Sources */,
				780DC838240F398D0035F028 /* Service.swift in Sources */,
				78DF095E2411CEB700F1A323 /* CharacterCell.swift in Sources */,
				78160B16240F35FC000537A7 /* AppDelegate.swift in Sources */,
				780DC834240F39640035F028 /* Coordinator.swift in Sources */,
				780DC84F240F48AE0035F028 /* NavigationController.swift in Sources */,
				78160B18240F35FC000537A7 /* SceneDelegate.swift in Sources */,
				780DC836240F39770035F028 /* ViewModel.swift in Sources */,
				780DC84B240F45D10035F028 /* CharactersViewModel.swift in Sources */,
				780DC846240F444C0035F028 /* CharactersViewController.swift in Sources */,
				78DF09602411CF5B00F1A323 /* CharacterItemViewModel.swift in Sources */,
				78F50B582418731100BB1066 /* EmptyStateView.swift in Sources */,
				78DF095C2411CD1100F1A323 /* SectionViewModel.swift in Sources */,
				78F50B5424184EF300BB1066 /* CharacterDetailsViewModel.swift in Sources */,
				780DC83A240F39D30035F028 /* ViewController.swift in Sources */,
				780DC83C240F3A8E0035F028 /* Result.swift in Sources */,
				780DC83E240F3B400035F028 /* Endpoints.swift in Sources */,
				780DC84D240F46250035F028 /* CharactersCoordinator.swift in Sources */,
				78DF095A2411C9D100F1A323 /* CharactersResponse.swift in Sources */,
				7888EC092413F21E00A7DBE0 /* LoadingStateView.swift in Sources */,
				78DF09552411C19F00F1A323 /* CharactersView.swift in Sources */,
				78F50B5224184EB700BB1066 /* CharacterDetailsViewController.swift in Sources */,
				78F50B5624184F1300BB1066 /* CharacterDetailsView.swift in Sources */,
				780DC851240F49EC0035F028 /* UINavigationBar.swift in Sources */,
				78DF09572411C90100F1A323 /* CharactersService.swift in Sources */,
				78160B20240F35FC000537A7 /* mvvm_c.xcdatamodeld in Sources */,
				78DF09662411DC1400F1A323 /* Character.swift in Sources */,
				78DF09622411DB5F00F1A323 /* DataResponse.swift in Sources */,
				780DC840240F3D240035F028 /* Keys.swift in Sources */,
			);
			runOnlyForDeploymentPostprocessing = 0;
		};
		78160B27240F35FF000537A7 /* Sources */ = {
			isa = PBXSourcesBuildPhase;
			buildActionMask = 2147483647;
			files = (
				7888EC1324156B8000A7DBE0 /* ResultType.swift in Sources */,
				7888EC0B24141BF300A7DBE0 /* CharactersViewModelSpec.swift in Sources */,
				7888EC1124156AC600A7DBE0 /* CharactersServiceMock.swift in Sources */,
				7888EC0F241421AF00A7DBE0 /* CharactersMock.swift in Sources */,
				7888EC0D24141F3800A7DBE0 /* CharactersCoordinatorSpy.swift in Sources */,
			);
			runOnlyForDeploymentPostprocessing = 0;
		};
		78160B32240F35FF000537A7 /* Sources */ = {
			isa = PBXSourcesBuildPhase;
			buildActionMask = 2147483647;
			files = (
				78160B3B240F35FF000537A7 /* mvvm_cUITests.swift in Sources */,
			);
			runOnlyForDeploymentPostprocessing = 0;
		};
/* End PBXSourcesBuildPhase section */

/* Begin PBXTargetDependency section */
		78160B2D240F35FF000537A7 /* PBXTargetDependency */ = {
			isa = PBXTargetDependency;
			target = 78160B11240F35FC000537A7 /* mvvm-c */;
			targetProxy = 78160B2C240F35FF000537A7 /* PBXContainerItemProxy */;
		};
		78160B38240F35FF000537A7 /* PBXTargetDependency */ = {
			isa = PBXTargetDependency;
			target = 78160B11240F35FC000537A7 /* mvvm-c */;
			targetProxy = 78160B37240F35FF000537A7 /* PBXContainerItemProxy */;
		};
/* End PBXTargetDependency section */

/* Begin PBXVariantGroup section */
		78160B23240F35FF000537A7 /* LaunchScreen.storyboard */ = {
			isa = PBXVariantGroup;
			children = (
				78160B24240F35FF000537A7 /* Base */,
			);
			name = LaunchScreen.storyboard;
			sourceTree = "<group>";
		};
/* End PBXVariantGroup section */

/* Begin XCBuildConfiguration section */
		78160B3D240F35FF000537A7 /* Debug */ = {
			isa = XCBuildConfiguration;
			buildSettings = {
				ALWAYS_SEARCH_USER_PATHS = NO;
				CLANG_ANALYZER_NONNULL = YES;
				CLANG_ANALYZER_NUMBER_OBJECT_CONVERSION = YES_AGGRESSIVE;
				CLANG_CXX_LANGUAGE_STANDARD = "gnu++14";
				CLANG_CXX_LIBRARY = "libc++";
				CLANG_ENABLE_MODULES = YES;
				CLANG_ENABLE_OBJC_ARC = YES;
				CLANG_ENABLE_OBJC_WEAK = YES;
				CLANG_WARN_BLOCK_CAPTURE_AUTORELEASING = YES;
				CLANG_WARN_BOOL_CONVERSION = YES;
				CLANG_WARN_COMMA = YES;
				CLANG_WARN_CONSTANT_CONVERSION = YES;
				CLANG_WARN_DEPRECATED_OBJC_IMPLEMENTATIONS = YES;
				CLANG_WARN_DIRECT_OBJC_ISA_USAGE = YES_ERROR;
				CLANG_WARN_DOCUMENTATION_COMMENTS = YES;
				CLANG_WARN_EMPTY_BODY = YES;
				CLANG_WARN_ENUM_CONVERSION = YES;
				CLANG_WARN_INFINITE_RECURSION = YES;
				CLANG_WARN_INT_CONVERSION = YES;
				CLANG_WARN_NON_LITERAL_NULL_CONVERSION = YES;
				CLANG_WARN_OBJC_IMPLICIT_RETAIN_SELF = YES;
				CLANG_WARN_OBJC_LITERAL_CONVERSION = YES;
				CLANG_WARN_OBJC_ROOT_CLASS = YES_ERROR;
				CLANG_WARN_RANGE_LOOP_ANALYSIS = YES;
				CLANG_WARN_STRICT_PROTOTYPES = YES;
				CLANG_WARN_SUSPICIOUS_MOVE = YES;
				CLANG_WARN_UNGUARDED_AVAILABILITY = YES_AGGRESSIVE;
				CLANG_WARN_UNREACHABLE_CODE = YES;
				CLANG_WARN__DUPLICATE_METHOD_MATCH = YES;
				COPY_PHASE_STRIP = NO;
				DEBUG_INFORMATION_FORMAT = dwarf;
				ENABLE_STRICT_OBJC_MSGSEND = YES;
				ENABLE_TESTABILITY = YES;
				GCC_C_LANGUAGE_STANDARD = gnu11;
				GCC_DYNAMIC_NO_PIC = NO;
				GCC_NO_COMMON_BLOCKS = YES;
				GCC_OPTIMIZATION_LEVEL = 0;
				GCC_PREPROCESSOR_DEFINITIONS = (
					"DEBUG=1",
					"$(inherited)",
				);
				GCC_WARN_64_TO_32_BIT_CONVERSION = YES;
				GCC_WARN_ABOUT_RETURN_TYPE = YES_ERROR;
				GCC_WARN_UNDECLARED_SELECTOR = YES;
				GCC_WARN_UNINITIALIZED_AUTOS = YES_AGGRESSIVE;
				GCC_WARN_UNUSED_FUNCTION = YES;
				GCC_WARN_UNUSED_VARIABLE = YES;
				IPHONEOS_DEPLOYMENT_TARGET = 13.2;
				MTL_ENABLE_DEBUG_INFO = INCLUDE_SOURCE;
				MTL_FAST_MATH = YES;
				ONLY_ACTIVE_ARCH = YES;
				SDKROOT = iphoneos;
				SWIFT_ACTIVE_COMPILATION_CONDITIONS = DEBUG;
				SWIFT_OPTIMIZATION_LEVEL = "-Onone";
			};
			name = Debug;
		};
		78160B3E240F35FF000537A7 /* Release */ = {
			isa = XCBuildConfiguration;
			buildSettings = {
				ALWAYS_SEARCH_USER_PATHS = NO;
				CLANG_ANALYZER_NONNULL = YES;
				CLANG_ANALYZER_NUMBER_OBJECT_CONVERSION = YES_AGGRESSIVE;
				CLANG_CXX_LANGUAGE_STANDARD = "gnu++14";
				CLANG_CXX_LIBRARY = "libc++";
				CLANG_ENABLE_MODULES = YES;
				CLANG_ENABLE_OBJC_ARC = YES;
				CLANG_ENABLE_OBJC_WEAK = YES;
				CLANG_WARN_BLOCK_CAPTURE_AUTORELEASING = YES;
				CLANG_WARN_BOOL_CONVERSION = YES;
				CLANG_WARN_COMMA = YES;
				CLANG_WARN_CONSTANT_CONVERSION = YES;
				CLANG_WARN_DEPRECATED_OBJC_IMPLEMENTATIONS = YES;
				CLANG_WARN_DIRECT_OBJC_ISA_USAGE = YES_ERROR;
				CLANG_WARN_DOCUMENTATION_COMMENTS = YES;
				CLANG_WARN_EMPTY_BODY = YES;
				CLANG_WARN_ENUM_CONVERSION = YES;
				CLANG_WARN_INFINITE_RECURSION = YES;
				CLANG_WARN_INT_CONVERSION = YES;
				CLANG_WARN_NON_LITERAL_NULL_CONVERSION = YES;
				CLANG_WARN_OBJC_IMPLICIT_RETAIN_SELF = YES;
				CLANG_WARN_OBJC_LITERAL_CONVERSION = YES;
				CLANG_WARN_OBJC_ROOT_CLASS = YES_ERROR;
				CLANG_WARN_RANGE_LOOP_ANALYSIS = YES;
				CLANG_WARN_STRICT_PROTOTYPES = YES;
				CLANG_WARN_SUSPICIOUS_MOVE = YES;
				CLANG_WARN_UNGUARDED_AVAILABILITY = YES_AGGRESSIVE;
				CLANG_WARN_UNREACHABLE_CODE = YES;
				CLANG_WARN__DUPLICATE_METHOD_MATCH = YES;
				COPY_PHASE_STRIP = NO;
				DEBUG_INFORMATION_FORMAT = "dwarf-with-dsym";
				ENABLE_NS_ASSERTIONS = NO;
				ENABLE_STRICT_OBJC_MSGSEND = YES;
				GCC_C_LANGUAGE_STANDARD = gnu11;
				GCC_NO_COMMON_BLOCKS = YES;
				GCC_WARN_64_TO_32_BIT_CONVERSION = YES;
				GCC_WARN_ABOUT_RETURN_TYPE = YES_ERROR;
				GCC_WARN_UNDECLARED_SELECTOR = YES;
				GCC_WARN_UNINITIALIZED_AUTOS = YES_AGGRESSIVE;
				GCC_WARN_UNUSED_FUNCTION = YES;
				GCC_WARN_UNUSED_VARIABLE = YES;
				IPHONEOS_DEPLOYMENT_TARGET = 13.2;
				MTL_ENABLE_DEBUG_INFO = NO;
				MTL_FAST_MATH = YES;
				SDKROOT = iphoneos;
				SWIFT_COMPILATION_MODE = wholemodule;
				SWIFT_OPTIMIZATION_LEVEL = "-O";
				VALIDATE_PRODUCT = YES;
			};
			name = Release;
		};
		78160B40240F35FF000537A7 /* Debug */ = {
			isa = XCBuildConfiguration;
			baseConfigurationReference = AA3A12366D4F13078ECA5541 /* Pods-mvvm-c.debug.xcconfig */;
			buildSettings = {
				ASSETCATALOG_COMPILER_APPICON_NAME = AppIcon;
				CODE_SIGN_STYLE = Automatic;
				DEVELOPMENT_TEAM = C9G5P48NTT;
				INFOPLIST_FILE = "mvvm-c/Common/Info.plist";
				LD_RUNPATH_SEARCH_PATHS = (
					"$(inherited)",
					"@executable_path/Frameworks",
				);
				PRODUCT_BUNDLE_IDENTIFIER = "IV.mvvm-c";
				PRODUCT_NAME = "$(TARGET_NAME)";
				SWIFT_VERSION = 5.0;
				TARGETED_DEVICE_FAMILY = "1,2";
			};
			name = Debug;
		};
		78160B41240F35FF000537A7 /* Release */ = {
			isa = XCBuildConfiguration;
			baseConfigurationReference = 3F5E9520AF36E18E705FE9AA /* Pods-mvvm-c.release.xcconfig */;
			buildSettings = {
				ASSETCATALOG_COMPILER_APPICON_NAME = AppIcon;
				CODE_SIGN_STYLE = Automatic;
				DEVELOPMENT_TEAM = C9G5P48NTT;
				INFOPLIST_FILE = "mvvm-c/Common/Info.plist";
				LD_RUNPATH_SEARCH_PATHS = (
					"$(inherited)",
					"@executable_path/Frameworks",
				);
				PRODUCT_BUNDLE_IDENTIFIER = "IV.mvvm-c";
				PRODUCT_NAME = "$(TARGET_NAME)";
				SWIFT_VERSION = 5.0;
				TARGETED_DEVICE_FAMILY = "1,2";
			};
			name = Release;
		};
		78160B43240F35FF000537A7 /* Debug */ = {
			isa = XCBuildConfiguration;
			baseConfigurationReference = 8CC63DAC77D6B27DB54D93D7 /* Pods-mvvm-cTests.debug.xcconfig */;
			buildSettings = {
				ALWAYS_EMBED_SWIFT_STANDARD_LIBRARIES = YES;
				BUNDLE_LOADER = "$(TEST_HOST)";
				CODE_SIGN_STYLE = Automatic;
				DEVELOPMENT_TEAM = C9G5P48NTT;
				INFOPLIST_FILE = "mvvm-cTests/Info.plist";
				IPHONEOS_DEPLOYMENT_TARGET = 13.2;
				LD_RUNPATH_SEARCH_PATHS = (
					"$(inherited)",
					"@executable_path/Frameworks",
					"@loader_path/Frameworks",
				);
				PRODUCT_BUNDLE_IDENTIFIER = "IV.mvvm-cTests";
				PRODUCT_NAME = "$(TARGET_NAME)";
				SWIFT_VERSION = 5.0;
				TARGETED_DEVICE_FAMILY = "1,2";
				TEST_HOST = "$(BUILT_PRODUCTS_DIR)/mvvm-c.app/mvvm-c";
			};
			name = Debug;
		};
		78160B44240F35FF000537A7 /* Release */ = {
			isa = XCBuildConfiguration;
			baseConfigurationReference = BDBF0657EFB9E65E5E34352C /* Pods-mvvm-cTests.release.xcconfig */;
			buildSettings = {
				ALWAYS_EMBED_SWIFT_STANDARD_LIBRARIES = YES;
				BUNDLE_LOADER = "$(TEST_HOST)";
				CODE_SIGN_STYLE = Automatic;
				DEVELOPMENT_TEAM = C9G5P48NTT;
				INFOPLIST_FILE = "mvvm-cTests/Info.plist";
				IPHONEOS_DEPLOYMENT_TARGET = 13.2;
				LD_RUNPATH_SEARCH_PATHS = (
					"$(inherited)",
					"@executable_path/Frameworks",
					"@loader_path/Frameworks",
				);
				PRODUCT_BUNDLE_IDENTIFIER = "IV.mvvm-cTests";
				PRODUCT_NAME = "$(TARGET_NAME)";
				SWIFT_VERSION = 5.0;
				TARGETED_DEVICE_FAMILY = "1,2";
				TEST_HOST = "$(BUILT_PRODUCTS_DIR)/mvvm-c.app/mvvm-c";
			};
			name = Release;
		};
		78160B46240F35FF000537A7 /* Debug */ = {
			isa = XCBuildConfiguration;
			baseConfigurationReference = 92F3D866BF3F534226C835DD /* Pods-mvvm-c-mvvm-cUITests.debug.xcconfig */;
			buildSettings = {
				ALWAYS_EMBED_SWIFT_STANDARD_LIBRARIES = YES;
				CODE_SIGN_STYLE = Automatic;
				DEVELOPMENT_TEAM = C9G5P48NTT;
				INFOPLIST_FILE = "mvvm-cUITests/Info.plist";
				LD_RUNPATH_SEARCH_PATHS = (
					"$(inherited)",
					"@executable_path/Frameworks",
					"@loader_path/Frameworks",
				);
				PRODUCT_BUNDLE_IDENTIFIER = "IV.mvvm-cUITests";
				PRODUCT_NAME = "$(TARGET_NAME)";
				SWIFT_VERSION = 5.0;
				TARGETED_DEVICE_FAMILY = "1,2";
				TEST_TARGET_NAME = "mvvm-c";
			};
			name = Debug;
		};
		78160B47240F35FF000537A7 /* Release */ = {
			isa = XCBuildConfiguration;
			baseConfigurationReference = F309A34D9D81EB338922F7CE /* Pods-mvvm-c-mvvm-cUITests.release.xcconfig */;
			buildSettings = {
				ALWAYS_EMBED_SWIFT_STANDARD_LIBRARIES = YES;
				CODE_SIGN_STYLE = Automatic;
				DEVELOPMENT_TEAM = C9G5P48NTT;
				INFOPLIST_FILE = "mvvm-cUITests/Info.plist";
				LD_RUNPATH_SEARCH_PATHS = (
					"$(inherited)",
					"@executable_path/Frameworks",
					"@loader_path/Frameworks",
				);
				PRODUCT_BUNDLE_IDENTIFIER = "IV.mvvm-cUITests";
				PRODUCT_NAME = "$(TARGET_NAME)";
				SWIFT_VERSION = 5.0;
				TARGETED_DEVICE_FAMILY = "1,2";
				TEST_TARGET_NAME = "mvvm-c";
			};
			name = Release;
		};
/* End XCBuildConfiguration section */

/* Begin XCConfigurationList section */
		78160B0D240F35FC000537A7 /* Build configuration list for PBXProject "mvvm-c" */ = {
			isa = XCConfigurationList;
			buildConfigurations = (
				78160B3D240F35FF000537A7 /* Debug */,
				78160B3E240F35FF000537A7 /* Release */,
			);
			defaultConfigurationIsVisible = 0;
			defaultConfigurationName = Release;
		};
		78160B3F240F35FF000537A7 /* Build configuration list for PBXNativeTarget "mvvm-c" */ = {
			isa = XCConfigurationList;
			buildConfigurations = (
				78160B40240F35FF000537A7 /* Debug */,
				78160B41240F35FF000537A7 /* Release */,
			);
			defaultConfigurationIsVisible = 0;
			defaultConfigurationName = Release;
		};
		78160B42240F35FF000537A7 /* Build configuration list for PBXNativeTarget "mvvm-cTests" */ = {
			isa = XCConfigurationList;
			buildConfigurations = (
				78160B43240F35FF000537A7 /* Debug */,
				78160B44240F35FF000537A7 /* Release */,
			);
			defaultConfigurationIsVisible = 0;
			defaultConfigurationName = Release;
		};
		78160B45240F35FF000537A7 /* Build configuration list for PBXNativeTarget "mvvm-cUITests" */ = {
			isa = XCConfigurationList;
			buildConfigurations = (
				78160B46240F35FF000537A7 /* Debug */,
				78160B47240F35FF000537A7 /* Release */,
			);
			defaultConfigurationIsVisible = 0;
			defaultConfigurationName = Release;
		};
/* End XCConfigurationList section */

/* Begin XCVersionGroup section */
		78160B1E240F35FC000537A7 /* mvvm_c.xcdatamodeld */ = {
			isa = XCVersionGroup;
			children = (
				78160B1F240F35FC000537A7 /* mvvm_c.xcdatamodel */,
			);
			currentVersion = 78160B1F240F35FC000537A7 /* mvvm_c.xcdatamodel */;
			path = mvvm_c.xcdatamodeld;
			sourceTree = "<group>";
			versionGroupType = wrapper.xcdatamodel;
		};
/* End XCVersionGroup section */
	};
	rootObject = 78160B0A240F35FC000537A7 /* Project object */;
}
