// !$*UTF8*$!
{
	archiveVersion = 1;
	classes = {
	};
	objectVersion = 50;
	objects = {

/* Begin PBXBuildFile section */
		775575D517B8EDEC75732E8B /* libPods-mvvm-cTests.a in Frameworks */ = {isa = PBXBuildFile; fileRef = DBAE1FE9485BB1F8C1E8D713 /* libPods-mvvm-cTests.a */; };
		78160B16240F35FC000537A7 /* AppDelegate.swift in Sources */ = {isa = PBXBuildFile; fileRef = 78160B15240F35FC000537A7 /* AppDelegate.swift */; };
		78160B18240F35FC000537A7 /* SceneDelegate.swift in Sources */ = {isa = PBXBuildFile; fileRef = 78160B17240F35FC000537A7 /* SceneDelegate.swift */; };
		78160B1A240F35FC000537A7 /* ViewController.swift in Sources */ = {isa = PBXBuildFile; fileRef = 78160B19240F35FC000537A7 /* ViewController.swift */; };
		78160B1D240F35FC000537A7 /* Main.storyboard in Resources */ = {isa = PBXBuildFile; fileRef = 78160B1B240F35FC000537A7 /* Main.storyboard */; };
		78160B20240F35FC000537A7 /* mvvm_c.xcdatamodeld in Sources */ = {isa = PBXBuildFile; fileRef = 78160B1E240F35FC000537A7 /* mvvm_c.xcdatamodeld */; };
		78160B22240F35FF000537A7 /* Assets.xcassets in Resources */ = {isa = PBXBuildFile; fileRef = 78160B21240F35FF000537A7 /* Assets.xcassets */; };
		78160B25240F35FF000537A7 /* LaunchScreen.storyboard in Resources */ = {isa = PBXBuildFile; fileRef = 78160B23240F35FF000537A7 /* LaunchScreen.storyboard */; };
		78160B30240F35FF000537A7 /* mvvm_cTests.swift in Sources */ = {isa = PBXBuildFile; fileRef = 78160B2F240F35FF000537A7 /* mvvm_cTests.swift */; };
		78160B3B240F35FF000537A7 /* mvvm_cUITests.swift in Sources */ = {isa = PBXBuildFile; fileRef = 78160B3A240F35FF000537A7 /* mvvm_cUITests.swift */; };
		F3FC93537D054D4A3775976A /* libPods-mvvm-c-mvvm-cUITests.a in Frameworks */ = {isa = PBXBuildFile; fileRef = 7CF3EE789BD589F131707F07 /* libPods-mvvm-c-mvvm-cUITests.a */; };
		FAC647BCA4C37BFCB6DE3A71 /* libPods-mvvm-c.a in Frameworks */ = {isa = PBXBuildFile; fileRef = 964D32C0D08CD17DA33E1347 /* libPods-mvvm-c.a */; };
/* End PBXBuildFile section */

/* Begin PBXContainerItemProxy section */
		78160B2C240F35FF000537A7 /* PBXContainerItemProxy */ = {
			isa = PBXContainerItemProxy;
			containerPortal = 78160B0A240F35FC000537A7 /* Project object */;
			proxyType = 1;
			remoteGlobalIDString = 78160B11240F35FC000537A7;
			remoteInfo = "mvvm-c";
		};
		78160B37240F35FF000537A7 /* PBXContainerItemProxy */ = {
			isa = PBXContainerItemProxy;
			containerPortal = 78160B0A240F35FC000537A7 /* Project object */;
			proxyType = 1;
			remoteGlobalIDString = 78160B11240F35FC000537A7;
			remoteInfo = "mvvm-c";
		};
/* End PBXContainerItemProxy section */

/* Begin PBXFileReference section */
		3F5E9520AF36E18E705FE9AA /* Pods-mvvm-c.release.xcconfig */ = {isa = PBXFileReference; includeInIndex = 1; lastKnownFileType = text.xcconfig; name = "Pods-mvvm-c.release.xcconfig"; path = "Pods/Target Support Files/Pods-mvvm-c/Pods-mvvm-c.release.xcconfig"; sourceTree = "<group>"; };
		78160B12240F35FC000537A7 /* mvvm-c.app */ = {isa = PBXFileReference; explicitFileType = wrapper.application; includeInIndex = 0; path = "mvvm-c.app"; sourceTree = BUILT_PRODUCTS_DIR; };
		78160B15240F35FC000537A7 /* AppDelegate.swift */ = {isa = PBXFileReference; lastKnownFileType = sourcecode.swift; path = AppDelegate.swift; sourceTree = "<group>"; };
		78160B17240F35FC000537A7 /* SceneDelegate.swift */ = {isa = PBXFileReference; lastKnownFileType = sourcecode.swift; path = SceneDelegate.swift; sourceTree = "<group>"; };
		78160B19240F35FC000537A7 /* ViewController.swift */ = {isa = PBXFileReference; lastKnownFileType = sourcecode.swift; path = ViewController.swift; sourceTree = "<group>"; };
		78160B1C240F35FC000537A7 /* Base */ = {isa = PBXFileReference; lastKnownFileType = file.storyboard; name = Base; path = Base.lproj/Main.storyboard; sourceTree = "<group>"; };
		78160B1F240F35FC000537A7 /* mvvm_c.xcdatamodel */ = {isa = PBXFileReference; lastKnownFileType = wrapper.xcdatamodel; path = mvvm_c.xcdatamodel; sourceTree = "<group>"; };
		78160B21240F35FF000537A7 /* Assets.xcassets */ = {isa = PBXFileReference; lastKnownFileType = folder.assetcatalog; path = Assets.xcassets; sourceTree = "<group>"; };
		78160B24240F35FF000537A7 /* Base */ = {isa = PBXFileReference; lastKnownFileType = file.storyboard; name = Base; path = Base.lproj/LaunchScreen.storyboard; sourceTree = "<group>"; };
		78160B26240F35FF000537A7 /* Info.plist */ = {isa = PBXFileReference; lastKnownFileType = text.plist.xml; path = Info.plist; sourceTree = "<group>"; };
		78160B2B240F35FF000537A7 /* mvvm-cTests.xctest */ = {isa = PBXFileReference; explicitFileType = wrapper.cfbundle; includeInIndex = 0; path = "mvvm-cTests.xctest"; sourceTree = BUILT_PRODUCTS_DIR; };
		78160B2F240F35FF000537A7 /* mvvm_cTests.swift */ = {isa = PBXFileReference; lastKnownFileType = sourcecode.swift; path = mvvm_cTests.swift; sourceTree = "<group>"; };
		78160B31240F35FF000537A7 /* Info.plist */ = {isa = PBXFileReference; lastKnownFileType = text.plist.xml; path = Info.plist; sourceTree = "<group>"; };
		78160B36240F35FF000537A7 /* mvvm-cUITests.xctest */ = {isa = PBXFileReference; explicitFileType = wrapper.cfbundle; includeInIndex = 0; path = "mvvm-cUITests.xctest"; sourceTree = BUILT_PRODUCTS_DIR; };
		78160B3A240F35FF000537A7 /* mvvm_cUITests.swift */ = {isa = PBXFileReference; lastKnownFileType = sourcecode.swift; path = mvvm_cUITests.swift; sourceTree = "<group>"; };
		78160B3C240F35FF000537A7 /* Info.plist */ = {isa = PBXFileReference; lastKnownFileType = text.plist.xml; path = Info.plist; sourceTree = "<group>"; };
		7CF3EE789BD589F131707F07 /* libPods-mvvm-c-mvvm-cUITests.a */ = {isa = PBXFileReference; explicitFileType = archive.ar; includeInIndex = 0; path = "libPods-mvvm-c-mvvm-cUITests.a"; sourceTree = BUILT_PRODUCTS_DIR; };
		8CC63DAC77D6B27DB54D93D7 /* Pods-mvvm-cTests.debug.xcconfig */ = {isa = PBXFileReference; includeInIndex = 1; lastKnownFileType = text.xcconfig; name = "Pods-mvvm-cTests.debug.xcconfig"; path = "Pods/Target Support Files/Pods-mvvm-cTests/Pods-mvvm-cTests.debug.xcconfig"; sourceTree = "<group>"; };
		92F3D866BF3F534226C835DD /* Pods-mvvm-c-mvvm-cUITests.debug.xcconfig */ = {isa = PBXFileReference; includeInIndex = 1; lastKnownFileType = text.xcconfig; name = "Pods-mvvm-c-mvvm-cUITests.debug.xcconfig"; path = "Pods/Target Support Files/Pods-mvvm-c-mvvm-cUITests/Pods-mvvm-c-mvvm-cUITests.debug.xcconfig"; sourceTree = "<group>"; };
		964D32C0D08CD17DA33E1347 /* libPods-mvvm-c.a */ = {isa = PBXFileReference; explicitFileType = archive.ar; includeInIndex = 0; path = "libPods-mvvm-c.a"; sourceTree = BUILT_PRODUCTS_DIR; };
		AA3A12366D4F13078ECA5541 /* Pods-mvvm-c.debug.xcconfig */ = {isa = PBXFileReference; includeInIndex = 1; lastKnownFileType = text.xcconfig; name = "Pods-mvvm-c.debug.xcconfig"; path = "Pods/Target Support Files/Pods-mvvm-c/Pods-mvvm-c.debug.xcconfig"; sourceTree = "<group>"; };
		BDBF0657EFB9E65E5E34352C /* Pods-mvvm-cTests.release.xcconfig */ = {isa = PBXFileReference; includeInIndex = 1; lastKnownFileType = text.xcconfig; name = "Pods-mvvm-cTests.release.xcconfig"; path = "Pods/Target Support Files/Pods-mvvm-cTests/Pods-mvvm-cTests.release.xcconfig"; sourceTree = "<group>"; };
		DBAE1FE9485BB1F8C1E8D713 /* libPods-mvvm-cTests.a */ = {isa = PBXFileReference; explicitFileType = archive.ar; includeInIndex = 0; path = "libPods-mvvm-cTests.a"; sourceTree = BUILT_PRODUCTS_DIR; };
		F309A34D9D81EB338922F7CE /* Pods-mvvm-c-mvvm-cUITests.release.xcconfig */ = {isa = PBXFileReference; includeInIndex = 1; lastKnownFileType = text.xcconfig; name = "Pods-mvvm-c-mvvm-cUITests.release.xcconfig"; path = "Pods/Target Support Files/Pods-mvvm-c-mvvm-cUITests/Pods-mvvm-c-mvvm-cUITests.release.xcconfig"; sourceTree = "<group>"; };
/* End PBXFileReference section */

/* Begin PBXFrameworksBuildPhase section */
		78160B0F240F35FC000537A7 /* Frameworks */ = {
			isa = PBXFrameworksBuildPhase;
			buildActionMask = 2147483647;
			files = (
				FAC647BCA4C37BFCB6DE3A71 /* libPods-mvvm-c.a in Frameworks */,
			);
			runOnlyForDeploymentPostprocessing = 0;
		};
		78160B28240F35FF000537A7 /* Frameworks */ = {
			isa = PBXFrameworksBuildPhase;
			buildActionMask = 2147483647;
			files = (
				775575D517B8EDEC75732E8B /* libPods-mvvm-cTests.a in Frameworks */,
			);
			runOnlyForDeploymentPostprocessing = 0;
		};
		78160B33240F35FF000537A7 /* Frameworks */ = {
			isa = PBXFrameworksBuildPhase;
			buildActionMask = 2147483647;
			files = (
				F3FC93537D054D4A3775976A /* libPods-mvvm-c-mvvm-cUITests.a in Frameworks */,
			);
			runOnlyForDeploymentPostprocessing = 0;
		};
/* End PBXFrameworksBuildPhase section */

/* Begin PBXGroup section */
		780DC822240F36E80035F028 /* Model */ = {
			isa = PBXGroup;
			children = (
				780DC82D240F379E0035F028 /* Entity */,
				780DC82E240F37A30035F028 /* Service */,
			);
			path = Model;
			sourceTree = "<group>";
		};
		780DC823240F36F20035F028 /* Common */ = {
			isa = PBXGroup;
			children = (
				780DC830240F37BB0035F028 /* Extensions */,
				780DC82F240F37B00035F028 /* Base */,
				78160B15240F35FC000537A7 /* AppDelegate.swift */,
				78160B17240F35FC000537A7 /* SceneDelegate.swift */,
				78160B23240F35FF000537A7 /* LaunchScreen.storyboard */,
				78160B26240F35FF000537A7 /* Info.plist */,
				78160B1E240F35FC000537A7 /* mvvm_c.xcdatamodeld */,
				78160B21240F35FF000537A7 /* Assets.xcassets */,
			);
			path = Common;
			sourceTree = "<group>";
		};
		780DC825240F37050035F028 /* Coordinator */ = {
			isa = PBXGroup;
			children = (
			);
			path = Coordinator;
			sourceTree = "<group>";
		};
		780DC827240F37530035F028 /* View */ = {
			isa = PBXGroup;
			children = (
				780DC82A240F37780035F028 /* Storyboard */,
				780DC829240F37700035F028 /* ViewController */,
				780DC82B240F37840035F028 /* Cell */,
				780DC82C240F37890035F028 /* Components */,
			);
			path = View;
			sourceTree = "<group>";
		};
		780DC828240F375B0035F028 /* ViewModel */ = {
			isa = PBXGroup;
			children = (
			);
			path = ViewModel;
			sourceTree = "<group>";
		};
		780DC829240F37700035F028 /* ViewController */ = {
			isa = PBXGroup;
			children = (
				78160B19240F35FC000537A7 /* ViewController.swift */,
			);
			path = ViewController;
			sourceTree = "<group>";
		};
		780DC82A240F37780035F028 /* Storyboard */ = {
			isa = PBXGroup;
			children = (
				78160B1B240F35FC000537A7 /* Main.storyboard */,
			);
			path = Storyboard;
			sourceTree = "<group>";
		};
		780DC82B240F37840035F028 /* Cell */ = {
			isa = PBXGroup;
			children = (
			);
			path = Cell;
			sourceTree = "<group>";
		};
		780DC82C240F37890035F028 /* Components */ = {
			isa = PBXGroup;
			children = (
			);
			path = Components;
			sourceTree = "<group>";
		};
		780DC82D240F379E0035F028 /* Entity */ = {
			isa = PBXGroup;
			children = (
			);
			path = Entity;
			sourceTree = "<group>";
		};
		780DC82E240F37A30035F028 /* Service */ = {
			isa = PBXGroup;
			children = (
			);
			path = Service;
			sourceTree = "<group>";
		};
		780DC82F240F37B00035F028 /* Base */ = {
			isa = PBXGroup;
			children = (
			);
			path = Base;
			sourceTree = "<group>";
		};
		780DC830240F37BB0035F028 /* Extensions */ = {
			isa = PBXGroup;
			children = (
			);
			path = Extensions;
			sourceTree = "<group>";
		};
		78160B09240F35FC000537A7 = {
			isa = PBXGroup;
			children = (
				78160B14240F35FC000537A7 /* mvvm-c */,
				78160B2E240F35FF000537A7 /* mvvm-cTests */,
				78160B39240F35FF000537A7 /* mvvm-cUITests */,
				78160B13240F35FC000537A7 /* Products */,
				F50A9F7DF393C1498CFD83CE /* Pods */,
				C92C5364CC1434369B983BA2 /* Frameworks */,
			);
			sourceTree = "<group>";
		};
		78160B13240F35FC000537A7 /* Products */ = {
			isa = PBXGroup;
			children = (
				78160B12240F35FC000537A7 /* mvvm-c.app */,
				78160B2B240F35FF000537A7 /* mvvm-cTests.xctest */,
				78160B36240F35FF000537A7 /* mvvm-cUITests.xctest */,
			);
			name = Products;
			sourceTree = "<group>";
		};
		78160B14240F35FC000537A7 /* mvvm-c */ = {
			isa = PBXGroup;
			children = (
				780DC823240F36F20035F028 /* Common */,
				780DC822240F36E80035F028 /* Model */,
				780DC827240F37530035F028 /* View */,
				780DC828240F375B0035F028 /* ViewModel */,
				780DC825240F37050035F028 /* Coordinator */,
			);
			path = "mvvm-c";
			sourceTree = "<group>";
		};
		78160B2E240F35FF000537A7 /* mvvm-cTests */ = {
			isa = PBXGroup;
			children = (
				78160B2F240F35FF000537A7 /* mvvm_cTests.swift */,
				78160B31240F35FF000537A7 /* Info.plist */,
			);
			path = "mvvm-cTests";
			sourceTree = "<group>";
		};
		78160B39240F35FF000537A7 /* mvvm-cUITests */ = {
			isa = PBXGroup;
			children = (
				78160B3A240F35FF000537A7 /* mvvm_cUITests.swift */,
				78160B3C240F35FF000537A7 /* Info.plist */,
			);
			path = "mvvm-cUITests";
			sourceTree = "<group>";
		};
		C92C5364CC1434369B983BA2 /* Frameworks */ = {
			isa = PBXGroup;
			children = (
				964D32C0D08CD17DA33E1347 /* libPods-mvvm-c.a */,
				7CF3EE789BD589F131707F07 /* libPods-mvvm-c-mvvm-cUITests.a */,
				DBAE1FE9485BB1F8C1E8D713 /* libPods-mvvm-cTests.a */,
			);
			name = Frameworks;
			sourceTree = "<group>";
		};
		F50A9F7DF393C1498CFD83CE /* Pods */ = {
			isa = PBXGroup;
			children = (
				AA3A12366D4F13078ECA5541 /* Pods-mvvm-c.debug.xcconfig */,
				3F5E9520AF36E18E705FE9AA /* Pods-mvvm-c.release.xcconfig */,
				92F3D866BF3F534226C835DD /* Pods-mvvm-c-mvvm-cUITests.debug.xcconfig */,
				F309A34D9D81EB338922F7CE /* Pods-mvvm-c-mvvm-cUITests.release.xcconfig */,
				8CC63DAC77D6B27DB54D93D7 /* Pods-mvvm-cTests.debug.xcconfig */,
				BDBF0657EFB9E65E5E34352C /* Pods-mvvm-cTests.release.xcconfig */,
			);
			name = Pods;
			sourceTree = "<group>";
		};
/* End PBXGroup section */

/* Begin PBXNativeTarget section */
		78160B11240F35FC000537A7 /* mvvm-c */ = {
			isa = PBXNativeTarget;
			buildConfigurationList = 78160B3F240F35FF000537A7 /* Build configuration list for PBXNativeTarget "mvvm-c" */;
			buildPhases = (
				EFAFBB2CC1ADE92FD00BEA5A /* [CP] Check Pods Manifest.lock */,
				78160B0E240F35FC000537A7 /* Sources */,
				78160B0F240F35FC000537A7 /* Frameworks */,
				78160B10240F35FC000537A7 /* Resources */,
			);
			buildRules = (
			);
			dependencies = (
			);
			name = "mvvm-c";
			productName = "mvvm-c";
			productReference = 78160B12240F35FC000537A7 /* mvvm-c.app */;
			productType = "com.apple.product-type.application";
		};
		78160B2A240F35FF000537A7 /* mvvm-cTests */ = {
			isa = PBXNativeTarget;
			buildConfigurationList = 78160B42240F35FF000537A7 /* Build configuration list for PBXNativeTarget "mvvm-cTests" */;
			buildPhases = (
				FA0A006B1739C8FEF9F9EF09 /* [CP] Check Pods Manifest.lock */,
				78160B27240F35FF000537A7 /* Sources */,
				78160B28240F35FF000537A7 /* Frameworks */,
				78160B29240F35FF000537A7 /* Resources */,
			);
			buildRules = (
			);
			dependencies = (
				78160B2D240F35FF000537A7 /* PBXTargetDependency */,
			);
			name = "mvvm-cTests";
			productName = "mvvm-cTests";
			productReference = 78160B2B240F35FF000537A7 /* mvvm-cTests.xctest */;
			productType = "com.apple.product-type.bundle.unit-test";
		};
		78160B35240F35FF000537A7 /* mvvm-cUITests */ = {
			isa = PBXNativeTarget;
			buildConfigurationList = 78160B45240F35FF000537A7 /* Build configuration list for PBXNativeTarget "mvvm-cUITests" */;
			buildPhases = (
				42B577917900F8D2067C544A /* [CP] Check Pods Manifest.lock */,
				78160B32240F35FF000537A7 /* Sources */,
				78160B33240F35FF000537A7 /* Frameworks */,
				78160B34240F35FF000537A7 /* Resources */,
			);
			buildRules = (
			);
			dependencies = (
				78160B38240F35FF000537A7 /* PBXTargetDependency */,
			);
			name = "mvvm-cUITests";
			productName = "mvvm-cUITests";
			productReference = 78160B36240F35FF000537A7 /* mvvm-cUITests.xctest */;
			productType = "com.apple.product-type.bundle.ui-testing";
		};
/* End PBXNativeTarget section */

/* Begin PBXProject section */
		78160B0A240F35FC000537A7 /* Project object */ = {
			isa = PBXProject;
			attributes = {
				LastSwiftUpdateCheck = 1130;
				LastUpgradeCheck = 1130;
				ORGANIZATIONNAME = "Igor Vaz";
				TargetAttributes = {
					78160B11240F35FC000537A7 = {
						CreatedOnToolsVersion = 11.3.1;
					};
					78160B2A240F35FF000537A7 = {
						CreatedOnToolsVersion = 11.3.1;
						TestTargetID = 78160B11240F35FC000537A7;
					};
					78160B35240F35FF000537A7 = {
						CreatedOnToolsVersion = 11.3.1;
						TestTargetID = 78160B11240F35FC000537A7;
					};
				};
			};
			buildConfigurationList = 78160B0D240F35FC000537A7 /* Build configuration list for PBXProject "mvvm-c" */;
			compatibilityVersion = "Xcode 9.3";
			developmentRegion = en;
			hasScannedForEncodings = 0;
			knownRegions = (
				en,
				Base,
			);
			mainGroup = 78160B09240F35FC000537A7;
			productRefGroup = 78160B13240F35FC000537A7 /* Products */;
			projectDirPath = "";
			projectRoot = "";
			targets = (
				78160B11240F35FC000537A7 /* mvvm-c */,
				78160B2A240F35FF000537A7 /* mvvm-cTests */,
				78160B35240F35FF000537A7 /* mvvm-cUITests */,
			);
		};
/* End PBXProject section */

/* Begin PBXResourcesBuildPhase section */
		78160B10240F35FC000537A7 /* Resources */ = {
			isa = PBXResourcesBuildPhase;
			buildActionMask = 2147483647;
			files = (
				78160B25240F35FF000537A7 /* LaunchScreen.storyboard in Resources */,
				78160B22240F35FF000537A7 /* Assets.xcassets in Resources */,
				78160B1D240F35FC000537A7 /* Main.storyboard in Resources */,
			);
			runOnlyForDeploymentPostprocessing = 0;
		};
		78160B29240F35FF000537A7 /* Resources */ = {
			isa = PBXResourcesBuildPhase;
			buildActionMask = 2147483647;
			files = (
			);
			runOnlyForDeploymentPostprocessing = 0;
		};
		78160B34240F35FF000537A7 /* Resources */ = {
			isa = PBXResourcesBuildPhase;
			buildActionMask = 2147483647;
			files = (
			);
			runOnlyForDeploymentPostprocessing = 0;
		};
/* End PBXResourcesBuildPhase section */

/* Begin PBXShellScriptBuildPhase section */
		42B577917900F8D2067C544A /* [CP] Check Pods Manifest.lock */ = {
			isa = PBXShellScriptBuildPhase;
			buildActionMask = 2147483647;
			files = (
			);
			inputPaths = (
				"${PODS_PODFILE_DIR_PATH}/Podfile.lock",
				"${PODS_ROOT}/Manifest.lock",
			);
			name = "[CP] Check Pods Manifest.lock";
			outputPaths = (
				"$(DERIVED_FILE_DIR)/Pods-mvvm-c-mvvm-cUITests-checkManifestLockResult.txt",
			);
			runOnlyForDeploymentPostprocessing = 0;
			shellPath = /bin/sh;
			shellScript = "diff \"${PODS_PODFILE_DIR_PATH}/Podfile.lock\" \"${PODS_ROOT}/Manifest.lock\" > /dev/null\nif [ $? != 0 ] ; then\n    # print error to STDERR\n    echo \"error: The sandbox is not in sync with the Podfile.lock. Run 'pod install' or update your CocoaPods installation.\" >&2\n    exit 1\nfi\n# This output is used by Xcode 'outputs' to avoid re-running this script phase.\necho \"SUCCESS\" > \"${SCRIPT_OUTPUT_FILE_0}\"\n";
			showEnvVarsInLog = 0;
		};
		EFAFBB2CC1ADE92FD00BEA5A /* [CP] Check Pods Manifest.lock */ = {
			isa = PBXShellScriptBuildPhase;
			buildActionMask = 2147483647;
			files = (
			);
			inputPaths = (
				"${PODS_PODFILE_DIR_PATH}/Podfile.lock",
				"${PODS_ROOT}/Manifest.lock",
			);
			name = "[CP] Check Pods Manifest.lock";
			outputPaths = (
				"$(DERIVED_FILE_DIR)/Pods-mvvm-c-checkManifestLockResult.txt",
			);
			runOnlyForDeploymentPostprocessing = 0;
			shellPath = /bin/sh;
			shellScript = "diff \"${PODS_PODFILE_DIR_PATH}/Podfile.lock\" \"${PODS_ROOT}/Manifest.lock\" > /dev/null\nif [ $? != 0 ] ; then\n    # print error to STDERR\n    echo \"error: The sandbox is not in sync with the Podfile.lock. Run 'pod install' or update your CocoaPods installation.\" >&2\n    exit 1\nfi\n# This output is used by Xcode 'outputs' to avoid re-running this script phase.\necho \"SUCCESS\" > \"${SCRIPT_OUTPUT_FILE_0}\"\n";
			showEnvVarsInLog = 0;
		};
		FA0A006B1739C8FEF9F9EF09 /* [CP] Check Pods Manifest.lock */ = {
			isa = PBXShellScriptBuildPhase;
			buildActionMask = 2147483647;
			files = (
			);
			inputPaths = (
				"${PODS_PODFILE_DIR_PATH}/Podfile.lock",
				"${PODS_ROOT}/Manifest.lock",
			);
			name = "[CP] Check Pods Manifest.lock";
			outputPaths = (
				"$(DERIVED_FILE_DIR)/Pods-mvvm-cTests-checkManifestLockResult.txt",
			);
			runOnlyForDeploymentPostprocessing = 0;
			shellPath = /bin/sh;
			shellScript = "diff \"${PODS_PODFILE_DIR_PATH}/Podfile.lock\" \"${PODS_ROOT}/Manifest.lock\" > /dev/null\nif [ $? != 0 ] ; then\n    # print error to STDERR\n    echo \"error: The sandbox is not in sync with the Podfile.lock. Run 'pod install' or update your CocoaPods installation.\" >&2\n    exit 1\nfi\n# This output is used by Xcode 'outputs' to avoid re-running this script phase.\necho \"SUCCESS\" > \"${SCRIPT_OUTPUT_FILE_0}\"\n";
			showEnvVarsInLog = 0;
		};
/* End PBXShellScriptBuildPhase section */

/* Begin PBXSourcesBuildPhase section */
		78160B0E240F35FC000537A7 /* Sources */ = {
			isa = PBXSourcesBuildPhase;
			buildActionMask = 2147483647;
			files = (
				78160B1A240F35FC000537A7 /* ViewController.swift in Sources */,
				78160B16240F35FC000537A7 /* AppDelegate.swift in Sources */,
				78160B18240F35FC000537A7 /* SceneDelegate.swift in Sources */,
				78160B20240F35FC000537A7 /* mvvm_c.xcdatamodeld in Sources */,
			);
			runOnlyForDeploymentPostprocessing = 0;
		};
		78160B27240F35FF000537A7 /* Sources */ = {
			isa = PBXSourcesBuildPhase;
			buildActionMask = 2147483647;
			files = (
				78160B30240F35FF000537A7 /* mvvm_cTests.swift in Sources */,
			);
			runOnlyForDeploymentPostprocessing = 0;
		};
		78160B32240F35FF000537A7 /* Sources */ = {
			isa = PBXSourcesBuildPhase;
			buildActionMask = 2147483647;
			files = (
				78160B3B240F35FF000537A7 /* mvvm_cUITests.swift in Sources */,
			);
			runOnlyForDeploymentPostprocessing = 0;
		};
/* End PBXSourcesBuildPhase section */

/* Begin PBXTargetDependency section */
		78160B2D240F35FF000537A7 /* PBXTargetDependency */ = {
			isa = PBXTargetDependency;
			target = 78160B11240F35FC000537A7 /* mvvm-c */;
			targetProxy = 78160B2C240F35FF000537A7 /* PBXContainerItemProxy */;
		};
		78160B38240F35FF000537A7 /* PBXTargetDependency */ = {
			isa = PBXTargetDependency;
			target = 78160B11240F35FC000537A7 /* mvvm-c */;
			targetProxy = 78160B37240F35FF000537A7 /* PBXContainerItemProxy */;
		};
/* End PBXTargetDependency section */

/* Begin PBXVariantGroup section */
		78160B1B240F35FC000537A7 /* Main.storyboard */ = {
			isa = PBXVariantGroup;
			children = (
				78160B1C240F35FC000537A7 /* Base */,
			);
			name = Main.storyboard;
			sourceTree = "<group>";
		};
		78160B23240F35FF000537A7 /* LaunchScreen.storyboard */ = {
			isa = PBXVariantGroup;
			children = (
				78160B24240F35FF000537A7 /* Base */,
			);
			name = LaunchScreen.storyboard;
			sourceTree = "<group>";
		};
/* End PBXVariantGroup section */

/* Begin XCBuildConfiguration section */
		78160B3D240F35FF000537A7 /* Debug */ = {
			isa = XCBuildConfiguration;
			buildSettings = {
				ALWAYS_SEARCH_USER_PATHS = NO;
				CLANG_ANALYZER_NONNULL = YES;
				CLANG_ANALYZER_NUMBER_OBJECT_CONVERSION = YES_AGGRESSIVE;
				CLANG_CXX_LANGUAGE_STANDARD = "gnu++14";
				CLANG_CXX_LIBRARY = "libc++";
				CLANG_ENABLE_MODULES = YES;
				CLANG_ENABLE_OBJC_ARC = YES;
				CLANG_ENABLE_OBJC_WEAK = YES;
				CLANG_WARN_BLOCK_CAPTURE_AUTORELEASING = YES;
				CLANG_WARN_BOOL_CONVERSION = YES;
				CLANG_WARN_COMMA = YES;
				CLANG_WARN_CONSTANT_CONVERSION = YES;
				CLANG_WARN_DEPRECATED_OBJC_IMPLEMENTATIONS = YES;
				CLANG_WARN_DIRECT_OBJC_ISA_USAGE = YES_ERROR;
				CLANG_WARN_DOCUMENTATION_COMMENTS = YES;
				CLANG_WARN_EMPTY_BODY = YES;
				CLANG_WARN_ENUM_CONVERSION = YES;
				CLANG_WARN_INFINITE_RECURSION = YES;
				CLANG_WARN_INT_CONVERSION = YES;
				CLANG_WARN_NON_LITERAL_NULL_CONVERSION = YES;
				CLANG_WARN_OBJC_IMPLICIT_RETAIN_SELF = YES;
				CLANG_WARN_OBJC_LITERAL_CONVERSION = YES;
				CLANG_WARN_OBJC_ROOT_CLASS = YES_ERROR;
				CLANG_WARN_RANGE_LOOP_ANALYSIS = YES;
				CLANG_WARN_STRICT_PROTOTYPES = YES;
				CLANG_WARN_SUSPICIOUS_MOVE = YES;
				CLANG_WARN_UNGUARDED_AVAILABILITY = YES_AGGRESSIVE;
				CLANG_WARN_UNREACHABLE_CODE = YES;
				CLANG_WARN__DUPLICATE_METHOD_MATCH = YES;
				COPY_PHASE_STRIP = NO;
				DEBUG_INFORMATION_FORMAT = dwarf;
				ENABLE_STRICT_OBJC_MSGSEND = YES;
				ENABLE_TESTABILITY = YES;
				GCC_C_LANGUAGE_STANDARD = gnu11;
				GCC_DYNAMIC_NO_PIC = NO;
				GCC_NO_COMMON_BLOCKS = YES;
				GCC_OPTIMIZATION_LEVEL = 0;
				GCC_PREPROCESSOR_DEFINITIONS = (
					"DEBUG=1",
					"$(inherited)",
				);
				GCC_WARN_64_TO_32_BIT_CONVERSION = YES;
				GCC_WARN_ABOUT_RETURN_TYPE = YES_ERROR;
				GCC_WARN_UNDECLARED_SELECTOR = YES;
				GCC_WARN_UNINITIALIZED_AUTOS = YES_AGGRESSIVE;
				GCC_WARN_UNUSED_FUNCTION = YES;
				GCC_WARN_UNUSED_VARIABLE = YES;
				IPHONEOS_DEPLOYMENT_TARGET = 13.2;
				MTL_ENABLE_DEBUG_INFO = INCLUDE_SOURCE;
				MTL_FAST_MATH = YES;
				ONLY_ACTIVE_ARCH = YES;
				SDKROOT = iphoneos;
				SWIFT_ACTIVE_COMPILATION_CONDITIONS = DEBUG;
				SWIFT_OPTIMIZATION_LEVEL = "-Onone";
			};
			name = Debug;
		};
		78160B3E240F35FF000537A7 /* Release */ = {
			isa = XCBuildConfiguration;
			buildSettings = {
				ALWAYS_SEARCH_USER_PATHS = NO;
				CLANG_ANALYZER_NONNULL = YES;
				CLANG_ANALYZER_NUMBER_OBJECT_CONVERSION = YES_AGGRESSIVE;
				CLANG_CXX_LANGUAGE_STANDARD = "gnu++14";
				CLANG_CXX_LIBRARY = "libc++";
				CLANG_ENABLE_MODULES = YES;
				CLANG_ENABLE_OBJC_ARC = YES;
				CLANG_ENABLE_OBJC_WEAK = YES;
				CLANG_WARN_BLOCK_CAPTURE_AUTORELEASING = YES;
				CLANG_WARN_BOOL_CONVERSION = YES;
				CLANG_WARN_COMMA = YES;
				CLANG_WARN_CONSTANT_CONVERSION = YES;
				CLANG_WARN_DEPRECATED_OBJC_IMPLEMENTATIONS = YES;
				CLANG_WARN_DIRECT_OBJC_ISA_USAGE = YES_ERROR;
				CLANG_WARN_DOCUMENTATION_COMMENTS = YES;
				CLANG_WARN_EMPTY_BODY = YES;
				CLANG_WARN_ENUM_CONVERSION = YES;
				CLANG_WARN_INFINITE_RECURSION = YES;
				CLANG_WARN_INT_CONVERSION = YES;
				CLANG_WARN_NON_LITERAL_NULL_CONVERSION = YES;
				CLANG_WARN_OBJC_IMPLICIT_RETAIN_SELF = YES;
				CLANG_WARN_OBJC_LITERAL_CONVERSION = YES;
				CLANG_WARN_OBJC_ROOT_CLASS = YES_ERROR;
				CLANG_WARN_RANGE_LOOP_ANALYSIS = YES;
				CLANG_WARN_STRICT_PROTOTYPES = YES;
				CLANG_WARN_SUSPICIOUS_MOVE = YES;
				CLANG_WARN_UNGUARDED_AVAILABILITY = YES_AGGRESSIVE;
				CLANG_WARN_UNREACHABLE_CODE = YES;
				CLANG_WARN__DUPLICATE_METHOD_MATCH = YES;
				COPY_PHASE_STRIP = NO;
				DEBUG_INFORMATION_FORMAT = "dwarf-with-dsym";
				ENABLE_NS_ASSERTIONS = NO;
				ENABLE_STRICT_OBJC_MSGSEND = YES;
				GCC_C_LANGUAGE_STANDARD = gnu11;
				GCC_NO_COMMON_BLOCKS = YES;
				GCC_WARN_64_TO_32_BIT_CONVERSION = YES;
				GCC_WARN_ABOUT_RETURN_TYPE = YES_ERROR;
				GCC_WARN_UNDECLARED_SELECTOR = YES;
				GCC_WARN_UNINITIALIZED_AUTOS = YES_AGGRESSIVE;
				GCC_WARN_UNUSED_FUNCTION = YES;
				GCC_WARN_UNUSED_VARIABLE = YES;
				IPHONEOS_DEPLOYMENT_TARGET = 13.2;
				MTL_ENABLE_DEBUG_INFO = NO;
				MTL_FAST_MATH = YES;
				SDKROOT = iphoneos;
				SWIFT_COMPILATION_MODE = wholemodule;
				SWIFT_OPTIMIZATION_LEVEL = "-O";
				VALIDATE_PRODUCT = YES;
			};
			name = Release;
		};
		78160B40240F35FF000537A7 /* Debug */ = {
			isa = XCBuildConfiguration;
			baseConfigurationReference = AA3A12366D4F13078ECA5541 /* Pods-mvvm-c.debug.xcconfig */;
			buildSettings = {
				ASSETCATALOG_COMPILER_APPICON_NAME = AppIcon;
				CODE_SIGN_STYLE = Automatic;
				DEVELOPMENT_TEAM = C9G5P48NTT;
				INFOPLIST_FILE = "mvvm-c/Common/Info.plist";
				LD_RUNPATH_SEARCH_PATHS = (
					"$(inherited)",
					"@executable_path/Frameworks",
				);
				PRODUCT_BUNDLE_IDENTIFIER = "IV.mvvm-c";
				PRODUCT_NAME = "$(TARGET_NAME)";
				SWIFT_VERSION = 5.0;
				TARGETED_DEVICE_FAMILY = "1,2";
			};
			name = Debug;
		};
		78160B41240F35FF000537A7 /* Release */ = {
			isa = XCBuildConfiguration;
			baseConfigurationReference = 3F5E9520AF36E18E705FE9AA /* Pods-mvvm-c.release.xcconfig */;
			buildSettings = {
				ASSETCATALOG_COMPILER_APPICON_NAME = AppIcon;
				CODE_SIGN_STYLE = Automatic;
				DEVELOPMENT_TEAM = C9G5P48NTT;
				INFOPLIST_FILE = "mvvm-c/Common/Info.plist";
				LD_RUNPATH_SEARCH_PATHS = (
					"$(inherited)",
					"@executable_path/Frameworks",
				);
				PRODUCT_BUNDLE_IDENTIFIER = "IV.mvvm-c";
				PRODUCT_NAME = "$(TARGET_NAME)";
				SWIFT_VERSION = 5.0;
				TARGETED_DEVICE_FAMILY = "1,2";
			};
			name = Release;
		};
		78160B43240F35FF000537A7 /* Debug */ = {
			isa = XCBuildConfiguration;
			baseConfigurationReference = 8CC63DAC77D6B27DB54D93D7 /* Pods-mvvm-cTests.debug.xcconfig */;
			buildSettings = {
				ALWAYS_EMBED_SWIFT_STANDARD_LIBRARIES = YES;
				BUNDLE_LOADER = "$(TEST_HOST)";
				CODE_SIGN_STYLE = Automatic;
				DEVELOPMENT_TEAM = C9G5P48NTT;
				INFOPLIST_FILE = "mvvm-cTests/Info.plist";
				IPHONEOS_DEPLOYMENT_TARGET = 13.2;
				LD_RUNPATH_SEARCH_PATHS = (
					"$(inherited)",
					"@executable_path/Frameworks",
					"@loader_path/Frameworks",
				);
				PRODUCT_BUNDLE_IDENTIFIER = "IV.mvvm-cTests";
				PRODUCT_NAME = "$(TARGET_NAME)";
				SWIFT_VERSION = 5.0;
				TARGETED_DEVICE_FAMILY = "1,2";
				TEST_HOST = "$(BUILT_PRODUCTS_DIR)/mvvm-c.app/mvvm-c";
			};
			name = Debug;
		};
		78160B44240F35FF000537A7 /* Release */ = {
			isa = XCBuildConfiguration;
			baseConfigurationReference = BDBF0657EFB9E65E5E34352C /* Pods-mvvm-cTests.release.xcconfig */;
			buildSettings = {
				ALWAYS_EMBED_SWIFT_STANDARD_LIBRARIES = YES;
				BUNDLE_LOADER = "$(TEST_HOST)";
				CODE_SIGN_STYLE = Automatic;
				DEVELOPMENT_TEAM = C9G5P48NTT;
				INFOPLIST_FILE = "mvvm-cTests/Info.plist";
				IPHONEOS_DEPLOYMENT_TARGET = 13.2;
				LD_RUNPATH_SEARCH_PATHS = (
					"$(inherited)",
					"@executable_path/Frameworks",
					"@loader_path/Frameworks",
				);
				PRODUCT_BUNDLE_IDENTIFIER = "IV.mvvm-cTests";
				PRODUCT_NAME = "$(TARGET_NAME)";
				SWIFT_VERSION = 5.0;
				TARGETED_DEVICE_FAMILY = "1,2";
				TEST_HOST = "$(BUILT_PRODUCTS_DIR)/mvvm-c.app/mvvm-c";
			};
			name = Release;
		};
		78160B46240F35FF000537A7 /* Debug */ = {
			isa = XCBuildConfiguration;
			baseConfigurationReference = 92F3D866BF3F534226C835DD /* Pods-mvvm-c-mvvm-cUITests.debug.xcconfig */;
			buildSettings = {
				ALWAYS_EMBED_SWIFT_STANDARD_LIBRARIES = YES;
				CODE_SIGN_STYLE = Automatic;
				DEVELOPMENT_TEAM = C9G5P48NTT;
				INFOPLIST_FILE = "mvvm-cUITests/Info.plist";
				LD_RUNPATH_SEARCH_PATHS = (
					"$(inherited)",
					"@executable_path/Frameworks",
					"@loader_path/Frameworks",
				);
				PRODUCT_BUNDLE_IDENTIFIER = "IV.mvvm-cUITests";
				PRODUCT_NAME = "$(TARGET_NAME)";
				SWIFT_VERSION = 5.0;
				TARGETED_DEVICE_FAMILY = "1,2";
				TEST_TARGET_NAME = "mvvm-c";
			};
			name = Debug;
		};
		78160B47240F35FF000537A7 /* Release */ = {
			isa = XCBuildConfiguration;
			baseConfigurationReference = F309A34D9D81EB338922F7CE /* Pods-mvvm-c-mvvm-cUITests.release.xcconfig */;
			buildSettings = {
				ALWAYS_EMBED_SWIFT_STANDARD_LIBRARIES = YES;
				CODE_SIGN_STYLE = Automatic;
				DEVELOPMENT_TEAM = C9G5P48NTT;
				INFOPLIST_FILE = "mvvm-cUITests/Info.plist";
				LD_RUNPATH_SEARCH_PATHS = (
					"$(inherited)",
					"@executable_path/Frameworks",
					"@loader_path/Frameworks",
				);
				PRODUCT_BUNDLE_IDENTIFIER = "IV.mvvm-cUITests";
				PRODUCT_NAME = "$(TARGET_NAME)";
				SWIFT_VERSION = 5.0;
				TARGETED_DEVICE_FAMILY = "1,2";
				TEST_TARGET_NAME = "mvvm-c";
			};
			name = Release;
		};
/* End XCBuildConfiguration section */

/* Begin XCConfigurationList section */
		78160B0D240F35FC000537A7 /* Build configuration list for PBXProject "mvvm-c" */ = {
			isa = XCConfigurationList;
			buildConfigurations = (
				78160B3D240F35FF000537A7 /* Debug */,
				78160B3E240F35FF000537A7 /* Release */,
			);
			defaultConfigurationIsVisible = 0;
			defaultConfigurationName = Release;
		};
		78160B3F240F35FF000537A7 /* Build configuration list for PBXNativeTarget "mvvm-c" */ = {
			isa = XCConfigurationList;
			buildConfigurations = (
				78160B40240F35FF000537A7 /* Debug */,
				78160B41240F35FF000537A7 /* Release */,
			);
			defaultConfigurationIsVisible = 0;
			defaultConfigurationName = Release;
		};
		78160B42240F35FF000537A7 /* Build configuration list for PBXNativeTarget "mvvm-cTests" */ = {
			isa = XCConfigurationList;
			buildConfigurations = (
				78160B43240F35FF000537A7 /* Debug */,
				78160B44240F35FF000537A7 /* Release */,
			);
			defaultConfigurationIsVisible = 0;
			defaultConfigurationName = Release;
		};
		78160B45240F35FF000537A7 /* Build configuration list for PBXNativeTarget "mvvm-cUITests" */ = {
			isa = XCConfigurationList;
			buildConfigurations = (
				78160B46240F35FF000537A7 /* Debug */,
				78160B47240F35FF000537A7 /* Release */,
			);
			defaultConfigurationIsVisible = 0;
			defaultConfigurationName = Release;
		};
/* End XCConfigurationList section */

/* Begin XCVersionGroup section */
		78160B1E240F35FC000537A7 /* mvvm_c.xcdatamodeld */ = {
			isa = XCVersionGroup;
			children = (
				78160B1F240F35FC000537A7 /* mvvm_c.xcdatamodel */,
			);
			currentVersion = 78160B1F240F35FC000537A7 /* mvvm_c.xcdatamodel */;
			path = mvvm_c.xcdatamodeld;
			sourceTree = "<group>";
			versionGroupType = wrapper.xcdatamodel;
		};
/* End XCVersionGroup section */
	};
	rootObject = 78160B0A240F35FC000537A7 /* Project object */;
}
